<?xml version="1.0" encoding="UTF-8" standalone="yes" ?>
<CodeBlocks_project_file>
	<FileVersion major="1" minor="6" />
	<Project>
		<Option title="richmath" />
		<Option pch_mode="2" />
		<Option compiler="gcc" />
		<Build>
			<Target title="Windows-Debug">
				<Option platforms="Windows;" />
				<Option output="bin/windows/debug/richmath" prefix_auto="1" extension_auto="1" />
				<Option object_output="obj/windows/debug/no-ft" />
				<Option external_deps="../../pmath_project/library/pmath.cbp;" />
				<Option type="1" />
				<Option compiler="gcc" />
				<Compiler>
					<Add option="-march=i686" />
					<Add option="-Wall" />
					<Add option="-g" />
					<Add option="-fno-exceptions" />
					<Add option="-mms-bitfields" />
					<Add option="-DPMATH_DEBUG_LOG" />
					<Add option="-DRICHMATH_USE_WIN32_FONT" />
					<Add option="-DRICHMATH_USE_WIN32_GUI" />
					<Add directory="include" />
					<Add directory="resources" />
					<Add directory="../library/include" />
					<Add directory="$(#cairo.include)" />
					<Add directory="$(#glib.include)" />
					<Add directory="$(#gtk.include)" />
					<Add directory="$(#glib.lib)/glib-2.0/include" />
					<Add directory="$(#pango.include)" />
				</Compiler>
				<Linker>
					<Add option="-static-libgcc" />
					<Add library="pmath" />
					<Add library="cairo" />
					<Add library="glib-2.0" />
					<Add library="gobject-2.0" />
					<Add library="pango-1.0" />
					<Add library="pangocairo-1.0" />
					<Add library="pangowin32-1.0" />
					<Add library="comctl32" />
					<Add library="comdlg32" />
					<Add library="gdi32" />
					<Add library="ole32" />
					<Add library="user32" />
					<Add library="uuid" />
					<Add library="usp10" />
					<Add directory="../library/bin/windows/debug" />
					<Add directory="$(#cairo.lib)" />
					<Add directory="$(#pango.lib)" />
					<Add directory="$(#glib.lib)" />
					<Add directory="$(#gtk.lib)" />
				</Linker>
				<ExtraCommands>
					<Add after="post-build-windows.bat debug" />
					<Mode after="always" />
				</ExtraCommands>
			</Target>
			<Target title="Windows-Debug-Freetype">
				<Option platforms="Windows;" />
				<Option output="bin/windows/debug/richmath-ft" prefix_auto="1" extension_auto="1" />
				<Option object_output="obj/windows/debug/ft" />
				<Option external_deps="../../pmath_project/library/pmath.cbp;" />
				<Option type="1" />
				<Option compiler="gcc" />
				<Compiler>
					<Add option="-march=i686" />
					<Add option="-Wall" />
					<Add option="-g" />
					<Add option="-fno-exceptions" />
					<Add option="-mms-bitfields" />
					<Add option="-DPMATH_DEBUG_LOG" />
					<Add option="-DRICHMATH_USE_FT_FONT" />
					<Add option="-DRICHMATH_USE_WIN32_GUI" />
					<Add directory="include" />
					<Add directory="resources" />
					<Add directory="../library/include" />
					<Add directory="$(#cairo.include)" />
					<Add directory="$(#glib.include)" />
					<Add directory="$(#gtk.include)" />
					<Add directory="$(#gtk.include)/fontconfig" />
					<Add directory="$(#gtk.include)/freetype2" />
					<Add directory="$(#glib.lib)/glib-2.0/include" />
					<Add directory="$(#pango.include)" />
				</Compiler>
				<Linker>
					<Add option="-static-libgcc" />
					<Add library="pmath" />
					<Add library="cairo" />
					<Add library="glib-2.0" />
					<Add library="gobject-2.0" />
					<Add library="pango-1.0" />
					<Add library="pangocairo-1.0" />
					<Add library="pangowin32-1.0" />
					<Add library="comctl32" />
					<Add library="comdlg32" />
					<Add library="gdi32" />
					<Add library="ole32" />
					<Add library="user32" />
					<Add library="uuid" />
					<Add library="fontconfig" />
					<Add library="freetype" />
					<Add directory="../library/bin/windows/debug" />
					<Add directory="$(#cairo.lib)" />
					<Add directory="$(#pango.lib)" />
					<Add directory="$(#glib.lib)" />
				</Linker>
				<ExtraCommands>
					<Add after="post-build-windows.bat debug" />
					<Mode after="always" />
				</ExtraCommands>
			</Target>
			<Target title="Windows-Debug-Gtk">
				<Option platforms="Windows;" />
				<Option output="bin/windows/debug/richmath-gtk" prefix_auto="1" extension_auto="1" />
				<Option object_output="obj/windows/debug/gtk" />
				<Option external_deps="../../pmath_project/library/pmath.cbp;" />
				<Option type="1" />
				<Option compiler="gcc" />
				<Compiler>
					<Add option="-march=i686" />
					<Add option="-Wall" />
					<Add option="-g" />
					<Add option="-fno-exceptions" />
					<Add option="-mms-bitfields" />
					<Add option="-DPMATH_DEBUG_LOG" />
					<Add option="-DRICHMATH_USE_FT_FONT" />
					<Add option="-DRICHMATH_USE_GTK_GUI" />
					<Add directory="include" />
					<Add directory="resources" />
					<Add directory="../library/include" />
					<Add directory="$(#cairo.include)" />
					<Add directory="$(#pango.include)" />
					<Add directory="$(#glib.include)" />
					<Add directory="$(#glib.lib)/glib-2.0/include" />
					<Add directory="$(#gtk.include)" />
					<Add directory="$(#gtk.include)/fontconfig" />
					<Add directory="$(#gtk.include)/freetype2" />
					<Add directory="$(#gtk.include)/gtk-2.0" />
					<Add directory="$(#gtk.lib)/gtk-2.0/include" />
					<Add directory="$(#gtk.include)/gdk" />
					<Add directory="$(#gtk.include)/atk-1.0" />
				</Compiler>
				<Linker>
					<Add option="-static-libgcc" />
					<Add library="pmath" />
					<Add library="cairo" />
					<Add library="glib-2.0" />
					<Add library="gobject-2.0" />
					<Add library="pango-1.0" />
					<Add library="pangocairo-1.0" />
					<Add library="pangowin32-1.0" />
					<Add library="user32" />
					<Add library="fontconfig" />
					<Add library="freetype" />
					<Add library="gdk-win32-2.0" />
					<Add library="gtk-win32-2.0" />
					<Add library="gdk_pixbuf-2.0" />
					<Add directory="../library/bin/windows/debug" />
					<Add directory="$(#cairo.lib)" />
					<Add directory="$(#pango.lib)" />
					<Add directory="$(#glib.lib)" />
				</Linker>
				<ExtraCommands>
					<Add after="post-build-windows.bat debug" />
					<Mode after="always" />
				</ExtraCommands>
			</Target>
			<Target title="Windows-Release">
				<Option platforms="Windows;" />
				<Option output="bin/windows/release/richmath" prefix_auto="1" extension_auto="1" />
				<Option object_output="obj/windows/release/" />
				<Option type="0" />
				<Option compiler="gcc" />
				<Compiler>
					<Add option="-march=i686" />
					<Add option="-O2" />
					<Add option="-Wall" />
					<Add option="-g" />
					<Add option="-fno-exceptions" />
					<Add option="-mms-bitfields" />
					<Add option="-DNDEBUG" />
					<Add option="-DRICHMATH_USE_WIN32_FONT" />
					<Add option="-DRICHMATH_USE_WIN32_GUI" />
					<Add directory="include" />
					<Add directory="resources" />
					<Add directory="../library/include" />
					<Add directory="$(#cairo.include)" />
					<Add directory="$(#glib.include)" />
					<Add directory="$(#glib.lib)/glib-2.0/include" />
					<Add directory="$(#pango.include)" />
				</Compiler>
				<Linker>
					<Add option="-static-libgcc" />
					<Add library="pmath" />
					<Add library="cairo" />
					<Add library="glib-2.0" />
					<Add library="gobject-2.0" />
					<Add library="pango-1.0" />
					<Add library="pangocairo-1.0" />
					<Add library="pangowin32-1.0" />
					<Add library="comctl32" />
					<Add library="comdlg32" />
					<Add library="gdi32" />
					<Add library="ole32" />
					<Add library="user32" />
					<Add library="uuid" />
					<Add library="usp10" />
					<Add directory="../library/bin/windows/release" />
					<Add directory="$(#cairo.lib)" />
					<Add directory="$(#pango.lib)" />
					<Add directory="$(#glib.lib)" />
				</Linker>
				<ExtraCommands>
					<Add after="post-build-windows.bat release" />
					<Mode after="always" />
				</ExtraCommands>
			</Target>
			<Target title="Windows-MSVC">
				<Option platforms="Windows;" />
				<Option output="bin/windows/msvc/richmath" prefix_auto="1" extension_auto="1" />
				<Option object_output="obj/windows/msvc/" />
				<Option type="1" />
				<Option compiler="msvc8" />
				<Option use_console_runner="0" />
				<Compiler>
					<Add option="/MT" />
					<Add option="/arch:SSE2" />
					<Add option="/Gd" />
					<Add option="/GF" />
					<Add option="/W3" />
					<Add option="/Zi" />
					<Add option="/wd4800 /wd4710 /wd4711 /wd4738 /wd4244 /wd4146 /wd4305" />
					<Add option="/DPMATH_DEBUG_LOG" />
					<Add option="/D_STATIC_CPPLIB" />
					<Add option="/D_USE_MATH_DEFINES" />
					<Add option="/DRICHMATH_USE_WIN32_FONT" />
					<Add option="/DRICHMATH_USE_WIN32_GUI" />
					<Add directory="include" />
					<Add directory="resources" />
					<Add directory="../library/include" />
					<Add directory="$(#cairo.include)" />
					<Add directory="$(#glib.include)" />
					<Add directory="$(#glib.lib)/glib-2.0/include" />
					<Add directory="$(#pango.include)" />
					<Add directory="../msvc-c99" />
				</Compiler>
				<Linker>
					<Add option="/DEBUG" />
					<Add option="/ENTRY:mainCRTStartup" />
					<Add library="pmath" />
					<Add library="cairo" />
					<Add library="glib-2.0" />
					<Add library="gobject-2.0" />
					<Add library="pango-1.0" />
					<Add library="pangocairo-1.0" />
					<Add library="pangowin32-1.0" />
					<Add library="comctl32" />
					<Add library="comdlg32" />
					<Add library="gdi32" />
					<Add library="ole32" />
					<Add library="user32" />
					<Add library="uuid" />
					<Add library="usp10" />
					<Add directory="../library/bin/windows/msvc" />
					<Add directory="$(#cairo.lib)" />
					<Add directory="$(#pango.lib)" />
					<Add directory="$(#glib.lib)" />
				</Linker>
				<ExtraCommands>
					<Add after="post-build-windows.bat msvc" />
					<Mode after="always" />
				</ExtraCommands>
			</Target>
			<Target title="Linux-Debug">
				<Option platforms="Unix;" />
				<Option output="bin/linux/debug/richmath" prefix_auto="1" extension_auto="1" />
				<Option object_output="obj/linux/debug" />
				<Option external_deps="../library/pmath.cbp;" />
				<Option type="1" />
				<Option compiler="gcc" />
				<Compiler>
					<Add option="-march=i686" />
					<Add option="-Wall" />
					<Add option="-g" />
					<Add option="-fno-exceptions" />
					<Add option="-Wno-unused-but-set-variable" />
					<Add option="`pkg-config gtk+-2.0 --cflags`" />
					<Add option="-DPMATH_DEBUG_LOG" />
					<Add option="-DRICHMATH_USE_FT_FONT" />
					<Add option="-DRICHMATH_USE_GTK_GUI" />
					<Add directory="include" />
					<Add directory="resources" />
					<Add directory="../library/include" />
				</Compiler>
				<Linker>
					<Add option="`pkg-config gtk+-2.0 --libs`" />
					<Add option="-lX11" />
					<Add option="-Wl,-rpath,?ORIGIN" />
					<Add library="pmath" />
					<Add directory="../library/bin/linux/debug" />
					<Add directory="$(#cairo.lib)" />
					<Add directory="$(#pango.lib)" />
					<Add directory="$(#glib.lib)" />
				</Linker>
				<ExtraCommands>
					<Add after="./post-build-linux.sh debug debug" />
					<Mode after="always" />
				</ExtraCommands>
			</Target>
			<Target title="Linux-Debug-Gtk3">
				<Option platforms="Unix;" />
				<Option output="bin/linux/debug-gtk3/richmath" prefix_auto="1" extension_auto="1" />
				<Option object_output="obj/linux/debug-gtk3" />
				<Option external_deps="../library/pmath.cbp;" />
				<Option type="1" />
				<Option compiler="gcc" />
				<Compiler>
					<Add option="-march=i686" />
					<Add option="-Wall" />
					<Add option="-g" />
					<Add option="-fno-exceptions" />
					<Add option="-Wno-unused-but-set-variable" />
					<Add option="`pkg-config gtk+-3.0 --cflags`" />
					<Add option="-DPMATH_DEBUG_LOG" />
					<Add option="-DRICHMATH_USE_FT_FONT" />
					<Add option="-DRICHMATH_USE_GTK_GUI" />
					<Add directory="include" />
					<Add directory="resources" />
					<Add directory="../library/include" />
				</Compiler>
				<Linker>
					<Add option="`pkg-config gtk+-3.0 --libs`" />
					<Add option="-lX11" />
					<Add option="-Wl,-rpath,?ORIGIN" />
					<Add library="pmath" />
					<Add directory="../library/bin/linux/debug" />
					<Add directory="$(#cairo.lib)" />
					<Add directory="$(#pango.lib)" />
					<Add directory="$(#glib.lib)" />
				</Linker>
				<ExtraCommands>
					<Add after="./post-build-linux.sh debug debug-gtk3" />
					<Mode after="always" />
				</ExtraCommands>
			</Target>
		</Build>
		<Unit filename="include/boxes/box.h" />
		<Unit filename="include/boxes/buttonbox.h" />
		<Unit filename="include/boxes/checkboxbox.h" />
		<Unit filename="include/boxes/containerwidgetbox.h" />
		<Unit filename="include/boxes/dynamicbox.h" />
		<Unit filename="include/boxes/dynamiclocalbox.h" />
		<Unit filename="include/boxes/emptywidgetbox.h" />
		<Unit filename="include/boxes/errorbox.h" />
		<Unit filename="include/boxes/fillbox.h" />
		<Unit filename="include/boxes/fractionbox.h" />
		<Unit filename="include/boxes/framebox.h" />
		<Unit filename="include/boxes/graphics/axisticks.h" />
		<Unit filename="include/boxes/graphics/colorbox.h" />
		<Unit filename="include/boxes/graphics/graphicsbox.h" />
		<Unit filename="include/boxes/graphics/graphicselement.h" />
		<Unit filename="include/boxes/graphics/linebox.h" />
		<Unit filename="include/boxes/gridbox.h" />
		<Unit filename="include/boxes/inputfieldbox.h" />
		<Unit filename="include/boxes/interpretationbox.h" />
		<Unit filename="include/boxes/mathsequence.h" />
		<Unit filename="include/boxes/numberbox.h" />
		<Unit filename="include/boxes/ownerbox.h" />
		<Unit filename="include/boxes/progressindicatorbox.h" />
		<Unit filename="include/boxes/radicalbox.h" />
		<Unit filename="include/boxes/radiobuttonbox.h">
			<Option target="&lt;{~None~}&gt;" />
		</Unit>
		<Unit filename="include/boxes/section.h" />
		<Unit filename="include/boxes/sectionlist.h" />
		<Unit filename="include/boxes/setterbox.h" />
		<Unit filename="include/boxes/sliderbox.h" />
		<Unit filename="include/boxes/stylebox.h" />
		<Unit filename="include/boxes/subsuperscriptbox.h" />
		<Unit filename="include/boxes/textsequence.h" />
		<Unit filename="include/boxes/tooltipbox.h" />
		<Unit filename="include/boxes/transformationbox.h" />
		<Unit filename="include/boxes/underoverscriptbox.h" />
		<Unit filename="include/eval/application.h" />
		<Unit filename="include/eval/binding.h" />
		<Unit filename="include/eval/dynamic.h" />
		<Unit filename="include/eval/job.h" />
		<Unit filename="include/eval/server.h" />
		<Unit filename="include/graphics/animation.h" />
		<Unit filename="include/graphics/buffer.h" />
		<Unit filename="include/graphics/canvas.h" />
		<Unit filename="include/graphics/config-shaper.h" />
		<Unit filename="include/graphics/context.h" />
		<Unit filename="include/graphics/fonts.h" />
		<Unit filename="include/graphics/ft-shaper.h" />
		<Unit filename="include/graphics/ot-math-shaper.h" />
		<Unit filename="include/graphics/scope-colorizer.h" />
		<Unit filename="include/graphics/shapers.h" />
		<Unit filename="include/graphics/win32-shaper.h">
			<Option target="Windows-Debug" />
			<Option target="Windows-Debug-Freetype" />
			<Option target="Windows-Release" />
			<Option target="Windows-MSVC" />
		</Unit>
		<Unit filename="include/gui/clipboard.h" />
		<Unit filename="include/gui/control-painter.h" />
		<Unit filename="include/gui/document.h" />
		<Unit filename="include/gui/gtk/basic-gtk-widget.h">
			<Option target="Windows-Debug-Gtk" />
			<Option target="Linux-Debug" />
			<Option target="Linux-Debug-Gtk3" />
		</Unit>
		<Unit filename="include/gui/gtk/mgtk-clipboard.h">
			<Option target="Windows-Debug-Gtk" />
			<Option target="Linux-Debug" />
			<Option target="Linux-Debug-Gtk3" />
		</Unit>
		<Unit filename="include/gui/gtk/mgtk-colordialog.h">
			<Option target="Windows-Debug-Gtk" />
			<Option target="Linux-Debug" />
			<Option target="Linux-Debug-Gtk3" />
		</Unit>
		<Unit filename="include/gui/gtk/mgtk-control-painter.h" />
		<Unit filename="include/gui/gtk/mgtk-cursors.h">
			<Option target="Windows-Debug-Gtk" />
			<Option target="Linux-Debug" />
			<Option target="Linux-Debug-Gtk3" />
		</Unit>
		<Unit filename="include/gui/gtk/mgtk-document-window.h">
			<Option target="Windows-Debug-Gtk" />
			<Option target="Linux-Debug" />
			<Option target="Linux-Debug-Gtk3" />
		</Unit>
		<Unit filename="include/gui/gtk/mgtk-filedialog.h">
			<Option target="Windows-Debug-Gtk" />
			<Option target="Linux-Debug" />
			<Option target="Linux-Debug-Gtk3" />
		</Unit>
		<Unit filename="include/gui/gtk/mgtk-fontdialog.h">
			<Option target="Windows-Debug-Gtk" />
			<Option target="Linux-Debug" />
			<Option target="Linux-Debug-Gtk3" />
		</Unit>
		<Unit filename="include/gui/gtk/mgtk-menu-builder.h">
			<Option target="Windows-Debug-Gtk" />
			<Option target="Linux-Debug" />
			<Option target="Linux-Debug-Gtk3" />
		</Unit>
		<Unit filename="include/gui/gtk/mgtk-tooltip-window.h">
			<Option target="Windows-Debug-Gtk" />
			<Option target="Linux-Debug" />
			<Option target="Linux-Debug-Gtk3" />
		</Unit>
		<Unit filename="include/gui/gtk/mgtk-widget.h">
			<Option target="Windows-Debug-Gtk" />
			<Option target="Linux-Debug" />
			<Option target="Linux-Debug-Gtk3" />
		</Unit>
		<Unit filename="include/gui/menu.h" />
		<Unit filename="include/gui/native-widget.h" />
		<Unit filename="include/gui/win32/basic-win32-widget.h">
			<Option target="Windows-Debug" />
			<Option target="Windows-Debug-Freetype" />
			<Option target="Windows-Release" />
			<Option target="Windows-MSVC" />
		</Unit>
		<Unit filename="include/gui/win32/basic-win32-window.h">
			<Option target="Windows-Debug" />
			<Option target="Windows-Debug-Freetype" />
			<Option target="Windows-Release" />
			<Option target="Windows-MSVC" />
		</Unit>
		<Unit filename="include/gui/win32/ole/dataobject.h">
			<Option target="Windows-Debug" />
			<Option target="Windows-Debug-Freetype" />
			<Option target="Windows-Release" />
			<Option target="Windows-MSVC" />
		</Unit>
		<Unit filename="include/gui/win32/ole/dropsource.h">
			<Option target="Windows-Debug" />
			<Option target="Windows-Debug-Freetype" />
			<Option target="Windows-Release" />
			<Option target="Windows-MSVC" />
		</Unit>
		<Unit filename="include/gui/win32/ole/enumformatetc.h">
			<Option target="Windows-Debug" />
			<Option target="Windows-Debug-Freetype" />
			<Option target="Windows-Release" />
			<Option target="Windows-MSVC" />
		</Unit>
		<Unit filename="include/gui/win32/win32-clipboard.h">
			<Option target="Windows-Debug" />
			<Option target="Windows-Debug-Freetype" />
			<Option target="Windows-Release" />
			<Option target="Windows-MSVC" />
		</Unit>
		<Unit filename="include/gui/win32/win32-colordialog.h">
			<Option target="Windows-Debug" />
			<Option target="Windows-Debug-Freetype" />
			<Option target="Windows-Release" />
			<Option target="Windows-MSVC" />
		</Unit>
		<Unit filename="include/gui/win32/win32-control-painter.h">
			<Option target="Windows-Debug" />
			<Option target="Windows-Debug-Freetype" />
			<Option target="Windows-Release" />
			<Option target="Windows-MSVC" />
		</Unit>
		<Unit filename="include/gui/win32/win32-document-window.h">
			<Option target="Windows-Debug" />
			<Option target="Windows-Debug-Freetype" />
			<Option target="Windows-Release" />
			<Option target="Windows-MSVC" />
		</Unit>
		<Unit filename="include/gui/win32/win32-filedialog.h">
			<Option target="Windows-Debug" />
			<Option target="Windows-Debug-Freetype" />
			<Option target="Windows-Release" />
			<Option target="Windows-MSVC" />
		</Unit>
		<Unit filename="include/gui/win32/win32-fontdialog.h">
			<Option target="Windows-Debug" />
			<Option target="Windows-Debug-Freetype" />
			<Option target="Windows-Release" />
			<Option target="Windows-MSVC" />
		</Unit>
		<Unit filename="include/gui/win32/win32-menu.h">
			<Option target="Windows-Debug" />
			<Option target="Windows-Debug-Freetype" />
			<Option target="Windows-Release" />
			<Option target="Windows-MSVC" />
		</Unit>
		<Unit filename="include/gui/win32/win32-menubar.h">
			<Option target="Windows-Debug" />
			<Option target="Windows-Debug-Freetype" />
			<Option target="Windows-Release" />
			<Option target="Windows-MSVC" />
		</Unit>
		<Unit filename="include/gui/win32/win32-themes.h">
			<Option target="Windows-Debug" />
			<Option target="Windows-Debug-Freetype" />
			<Option target="Windows-Release" />
			<Option target="Windows-MSVC" />
		</Unit>
		<Unit filename="include/gui/win32/win32-tooltip-window.h">
			<Option target="Windows-Debug" />
			<Option target="Windows-Debug-Freetype" />
			<Option target="Windows-Release" />
			<Option target="Windows-MSVC" />
		</Unit>
		<Unit filename="include/gui/win32/win32-widget.h">
			<Option target="Windows-Debug" />
			<Option target="Windows-Debug-Freetype" />
			<Option target="Windows-Release" />
			<Option target="Windows-MSVC" />
		</Unit>
		<Unit filename="include/util/array.h" />
		<Unit filename="include/util/base.h" />
		<Unit filename="include/util/concurrent-queue.h" />
		<Unit filename="include/util/frontendobject.h" />
		<Unit filename="include/util/hashtable.h" />
		<Unit filename="include/util/matrix.h" />
		<Unit filename="include/util/pmath-extra.h" />
		<Unit filename="include/util/semaphore.h" />
		<Unit filename="include/util/sharedptr.h" />
		<Unit filename="include/util/spanexpr.h" />
		<Unit filename="include/util/style.h" />
		<Unit filename="include/util/syntax-state.h" />
		<Unit filename="resources/resources.h">
			<Option target="Windows-Debug" />
			<Option target="Windows-Debug-Freetype" />
			<Option target="Windows-Release" />
			<Option target="Windows-MSVC" />
		</Unit>
		<Unit filename="resources/richmath.rc">
			<Option compilerVar="WINDRES" />
			<Option target="Windows-Debug" />
			<Option target="Windows-Debug-Freetype" />
			<Option target="Windows-Release" />
			<Option target="Windows-MSVC" />
		</Unit>
		<Unit filename="scripts/frontinit.pmath" />
		<Unit filename="src/boxes/box.cpp" />
		<Unit filename="src/boxes/buttonbox.cpp" />
		<Unit filename="src/boxes/checkboxbox.cpp" />
		<Unit filename="src/boxes/containerwidgetbox.cpp" />
		<Unit filename="src/boxes/dynamicbox.cpp" />
		<Unit filename="src/boxes/dynamiclocalbox.cpp" />
		<Unit filename="src/boxes/emptywidgetbox.cpp" />
		<Unit filename="src/boxes/errorbox.cpp" />
		<Unit filename="src/boxes/fillbox.cpp" />
		<Unit filename="src/boxes/fractionbox.cpp" />
		<Unit filename="src/boxes/framebox.cpp" />
		<Unit filename="src/boxes/graphics/axisticks.cpp" />
		<Unit filename="src/boxes/graphics/colorbox.cpp" />
		<Unit filename="src/boxes/graphics/graphicsbox.cpp" />
		<Unit filename="src/boxes/graphics/graphicselement.cpp" />
		<Unit filename="src/boxes/graphics/linebox.cpp" />
		<Unit filename="src/boxes/gridbox.cpp" />
		<Unit filename="src/boxes/inputfieldbox.cpp" />
		<Unit filename="src/boxes/interpretationbox.cpp" />
		<Unit filename="src/boxes/mathsequence.cpp" />
		<Unit filename="src/boxes/numberbox.cpp" />
		<Unit filename="src/boxes/ownerbox.cpp" />
		<Unit filename="src/boxes/progressindicatorbox.cpp" />
		<Unit filename="src/boxes/radicalbox.cpp" />
		<Unit filename="src/boxes/radiobuttonbox.cpp" />
		<Unit filename="src/boxes/section.cpp" />
		<Unit filename="src/boxes/sectionlist.cpp" />
		<Unit filename="src/boxes/setterbox.cpp" />
		<Unit filename="src/boxes/sliderbox.cpp" />
		<Unit filename="src/boxes/stylebox.cpp" />
		<Unit filename="src/boxes/subsuperscriptbox.cpp" />
		<Unit filename="src/boxes/textsequence.cpp" />
		<Unit filename="src/boxes/tooltipbox.cpp" />
		<Unit filename="src/boxes/transformationbox.cpp" />
		<Unit filename="src/boxes/underoverscriptbox.cpp" />
		<Unit filename="src/eval/application.cpp" />
		<Unit filename="src/eval/binding.cpp" />
		<Unit filename="src/eval/dynamic.cpp" />
		<Unit filename="src/eval/job.cpp" />
		<Unit filename="src/eval/server.cpp" />
		<Unit filename="src/graphics/animation.cpp" />
		<Unit filename="src/graphics/buffer.cpp" />
		<Unit filename="src/graphics/canvas.cpp" />
		<Unit filename="src/graphics/config-shaper.cpp" />
		<Unit filename="src/graphics/context.cpp" />
		<Unit filename="src/graphics/fonts.cpp" />
		<Unit filename="src/graphics/ft-shaper.cpp" />
		<Unit filename="src/graphics/ot-math-shaper.cpp" />
		<Unit filename="src/graphics/scope-colorizer.cpp" />
		<Unit filename="src/graphics/shapers.cpp" />
		<Unit filename="src/graphics/win32-shaper.cpp">
			<Option target="Windows-Debug" />
			<Option target="Windows-Debug-Freetype" />
			<Option target="Windows-Release" />
			<Option target="Windows-MSVC" />
		</Unit>
		<Unit filename="src/gui/clipboard.cpp" />
		<Unit filename="src/gui/control-painter.cpp" />
		<Unit filename="src/gui/document.cpp" />
		<Unit filename="src/gui/gtk/basic-gtk-widget.cpp">
			<Option target="Windows-Debug-Gtk" />
			<Option target="Linux-Debug" />
			<Option target="Linux-Debug-Gtk3" />
		</Unit>
		<Unit filename="src/gui/gtk/mgtk-clipboard.cpp">
			<Option target="Windows-Debug-Gtk" />
			<Option target="Linux-Debug" />
			<Option target="Linux-Debug-Gtk3" />
		</Unit>
		<Unit filename="src/gui/gtk/mgtk-colordialog.cpp">
			<Option target="Windows-Debug-Gtk" />
			<Option target="Linux-Debug" />
			<Option target="Linux-Debug-Gtk3" />
		</Unit>
		<Unit filename="src/gui/gtk/mgtk-control-painter.cpp">
			<Option target="Windows-Debug-Gtk" />
			<Option target="Linux-Debug" />
			<Option target="Linux-Debug-Gtk3" />
		</Unit>
		<Unit filename="src/gui/gtk/mgtk-cursors.cpp">
			<Option target="Windows-Debug-Gtk" />
			<Option target="Linux-Debug" />
			<Option target="Linux-Debug-Gtk3" />
		</Unit>
		<Unit filename="src/gui/gtk/mgtk-document-window.cpp">
			<Option target="Windows-Debug-Gtk" />
			<Option target="Linux-Debug" />
			<Option target="Linux-Debug-Gtk3" />
		</Unit>
		<Unit filename="src/gui/gtk/mgtk-filedialog.cpp">
			<Option target="Windows-Debug-Gtk" />
			<Option target="Linux-Debug" />
			<Option target="Linux-Debug-Gtk3" />
		</Unit>
		<Unit filename="src/gui/gtk/mgtk-fontdialog.cpp">
			<Option target="Windows-Debug-Gtk" />
			<Option target="Linux-Debug" />
			<Option target="Linux-Debug-Gtk3" />
		</Unit>
		<Unit filename="src/gui/gtk/mgtk-menu-builder.cpp">
			<Option target="Windows-Debug-Gtk" />
			<Option target="Linux-Debug" />
			<Option target="Linux-Debug-Gtk3" />
		</Unit>
		<Unit filename="src/gui/gtk/mgtk-tooltip-window.cpp">
			<Option target="Windows-Debug-Gtk" />
			<Option target="Linux-Debug" />
			<Option target="Linux-Debug-Gtk3" />
		</Unit>
		<Unit filename="src/gui/gtk/mgtk-widget.cpp">
			<Option target="Windows-Debug-Gtk" />
			<Option target="Linux-Debug" />
			<Option target="Linux-Debug-Gtk3" />
		</Unit>
		<Unit filename="src/gui/menu.cpp" />
		<Unit filename="src/gui/native-widget.cpp" />
		<Unit filename="src/gui/win32/basic-win32-widget.cpp">
			<Option target="Windows-Debug" />
			<Option target="Windows-Debug-Freetype" />
			<Option target="Windows-Release" />
			<Option target="Windows-MSVC" />
		</Unit>
		<Unit filename="src/gui/win32/basic-win32-window.cpp">
			<Option target="Windows-Debug" />
			<Option target="Windows-Debug-Freetype" />
			<Option target="Windows-Release" />
			<Option target="Windows-MSVC" />
		</Unit>
		<Unit filename="src/gui/win32/ole/dataobject.cpp">
			<Option target="Windows-Debug" />
			<Option target="Windows-Debug-Freetype" />
			<Option target="Windows-Release" />
			<Option target="Windows-MSVC" />
		</Unit>
		<Unit filename="src/gui/win32/ole/dropsource.cpp">
			<Option target="Windows-Debug" />
			<Option target="Windows-Debug-Freetype" />
			<Option target="Windows-Release" />
			<Option target="Windows-MSVC" />
		</Unit>
		<Unit filename="src/gui/win32/ole/enumformatetc.cpp">
			<Option target="Windows-Debug" />
			<Option target="Windows-Debug-Freetype" />
			<Option target="Windows-Release" />
			<Option target="Windows-MSVC" />
		</Unit>
		<Unit filename="src/gui/win32/win32-clipboard.cpp">
			<Option target="Windows-Debug" />
			<Option target="Windows-Debug-Freetype" />
			<Option target="Windows-Release" />
			<Option target="Windows-MSVC" />
		</Unit>
		<Unit filename="src/gui/win32/win32-colordialog.cpp">
			<Option target="Windows-Debug" />
			<Option target="Windows-Debug-Freetype" />
			<Option target="Windows-Release" />
			<Option target="Windows-MSVC" />
		</Unit>
		<Unit filename="src/gui/win32/win32-control-painter.cpp">
			<Option target="Windows-Debug" />
			<Option target="Windows-Debug-Freetype" />
			<Option target="Windows-Release" />
			<Option target="Windows-MSVC" />
		</Unit>
		<Unit filename="src/gui/win32/win32-document-window.cpp">
			<Option target="Windows-Debug" />
			<Option target="Windows-Debug-Freetype" />
			<Option target="Windows-Release" />
			<Option target="Windows-MSVC" />
		</Unit>
		<Unit filename="src/gui/win32/win32-filedialog.cpp">
			<Option target="Windows-Debug" />
			<Option target="Windows-Debug-Freetype" />
			<Option target="Windows-Release" />
			<Option target="Windows-MSVC" />
		</Unit>
		<Unit filename="src/gui/win32/win32-fontdialog.cpp">
			<Option target="Windows-Debug" />
			<Option target="Windows-Debug-Freetype" />
			<Option target="Windows-Release" />
			<Option target="Windows-MSVC" />
		</Unit>
		<Unit filename="src/gui/win32/win32-menu.cpp">
			<Option target="Windows-Debug" />
			<Option target="Windows-Debug-Freetype" />
			<Option target="Windows-Release" />
			<Option target="Windows-MSVC" />
		</Unit>
		<Unit filename="src/gui/win32/win32-menubar.cpp">
			<Option target="Windows-Debug" />
			<Option target="Windows-Debug-Freetype" />
			<Option target="Windows-Release" />
			<Option target="Windows-MSVC" />
		</Unit>
		<Unit filename="src/gui/win32/win32-themes.cpp">
			<Option target="Windows-Debug" />
			<Option target="Windows-Debug-Freetype" />
			<Option target="Windows-Release" />
			<Option target="Windows-MSVC" />
		</Unit>
		<Unit filename="src/gui/win32/win32-tooltip-window.cpp">
			<Option target="Windows-Debug" />
			<Option target="Windows-Debug-Freetype" />
			<Option target="Windows-Release" />
			<Option target="Windows-MSVC" />
		</Unit>
		<Unit filename="src/gui/win32/win32-widget.cpp">
			<Option target="Windows-Debug" />
			<Option target="Windows-Debug-Freetype" />
			<Option target="Windows-Release" />
			<Option target="Windows-MSVC" />
		</Unit>
		<Unit filename="src/main.cpp" />
		<Unit filename="src/util/base.cpp" />
		<Unit filename="src/util/frontendobject.cpp" />
		<Unit filename="src/util/pmath-extra.cpp" />
		<Unit filename="src/util/semaphore.cpp" />
		<Unit filename="src/util/spanexpr.cpp" />
		<Unit filename="src/util/style.cpp" />
		<Unit filename="src/util/syntax-state.cpp" />
		<Extensions>
			<code_completion />
			<envvars />
			<debugger>
				<search_path add="../library/src" />
			</debugger>
			<DoxyBlocks>
				<comment_style block="0" line="0" />
				<doxyfile_project />
				<doxyfile_build />
				<doxyfile_warnings />
				<doxyfile_output />
				<doxyfile_dot />
				<general />
			</DoxyBlocks>
		</Extensions>
	</Project>
</CodeBlocks_project_file>
