<?xml version="1.0" encoding="UTF-8" standalone="yes" ?>
<CodeBlocks_project_file>
	<FileVersion major="1" minor="6" />
	<Project>
		<Option title="richmath" />
		<Option pch_mode="2" />
		<Option compiler="gcc" />
		<Build>
			<Target title="Windows-Debug">
				<Option platforms="Windows;" />
				<Option output="bin\windows\debug\richmath" prefix_auto="1" extension_auto="1" />
				<Option object_output="obj\windows\debug" />
				<Option external_deps="..\..\pmath_project\library\pmath.cbp;" />
				<Option type="1" />
				<Option compiler="gcc" />
				<Compiler>
					<Add option="-march=i686" />
					<Add option="-Wall" />
					<Add option="-g" />
					<Add option="-fno-exceptions" />
					<Add option="-DPMATH_DEBUG_LOG" />
					<Add directory="include" />
					<Add directory="resources" />
					<Add directory="..\library\include" />
					<Add directory="$(#cairo.include)" />
					<Add directory="$(#glib.include)" />
					<Add directory="$(#glib.lib)\glib-2.0\include" />
					<Add directory="$(#pango.include)" />
				</Compiler>
				<Linker>
					<Add option="-static-libgcc" />
					<Add library="pmath" />
					<Add library="cairo" />
					<Add library="glib-2.0" />
					<Add library="gobject-2.0" />
					<Add library="pango-1.0" />
					<Add library="pangocairo-1.0" />
					<Add library="pangowin32-1.0" />
					<Add library="gdi32" />
					<Add library="usp10" />
					<Add library="comctl32" />
					<Add library="user32" />
					<Add library="ole32" />
					<Add library="uuid" />
					<Add directory="..\library\bin\windows\debug" />
					<Add directory="$(#cairo.lib)" />
					<Add directory="$(#pango.lib)" />
					<Add directory="$(#glib.lib)" />
				</Linker>
				<ExtraCommands>
					<Add after="post-build-windows.bat debug" />
					<Mode after="always" />
				</ExtraCommands>
			</Target>
			<Target title="Windows-Release">
				<Option platforms="Windows;" />
				<Option output="bin\windows\release\richmath" prefix_auto="1" extension_auto="1" />
				<Option object_output="obj\windows\release\" />
				<Option type="0" />
				<Option compiler="gcc" />
				<Compiler>
					<Add option="-march=i686" />
					<Add option="-O2" />
					<Add option="-Wall" />
					<Add option="-g" />
					<Add option="-fno-exceptions" />
					<Add option="-DNDEBUG" />
					<Add directory="include" />
					<Add directory="resources" />
					<Add directory="..\library\include" />
					<Add directory="$(#cairo.include)" />
					<Add directory="$(#glib.include)" />
					<Add directory="$(#glib.lib)\glib-2.0\include" />
					<Add directory="$(#pango.include)" />
				</Compiler>
				<Linker>
					<Add option="-static-libgcc" />
					<Add library="pmath" />
					<Add library="cairo" />
					<Add library="glib-2.0" />
					<Add library="gobject-2.0" />
					<Add library="pango-1.0" />
					<Add library="pangocairo-1.0" />
					<Add library="pangowin32-1.0" />
					<Add library="gdi32" />
					<Add library="usp10" />
					<Add library="comctl32" />
					<Add library="user32" />
					<Add library="ole32" />
					<Add library="uuid" />
					<Add directory="..\library\bin\windows\release" />
					<Add directory="$(#cairo.lib)" />
					<Add directory="$(#pango.lib)" />
					<Add directory="$(#glib.lib)" />
				</Linker>
				<ExtraCommands>
					<Add after="post-build-windows.bat release" />
					<Mode after="always" />
				</ExtraCommands>
			</Target>
			<Target title="Windows-MSVC">
				<Option platforms="Windows;" />
				<Option output="bin\windows\msvc\richmath" prefix_auto="1" extension_auto="1" />
				<Option object_output="obj\windows\msvc\" />
				<Option type="0" />
				<Option compiler="msvc8" />
				<Compiler>
					<Add option="/MT" />
					<Add option="/arch:SSE2" />
					<Add option="/Gd" />
					<Add option="/GF" />
					<Add option="/Ox" />
					<Add option="/W3" />
					<Add option="/wd4800 /wd4710 /wd4711 /wd4738 /wd4244 /wd4146 /wd4305" />
					<Add option="/DNDEBUG" />
					<Add option="/D_STATIC_CPPLIB" />
					<Add option="/D_USE_MATH_DEFINES" />
					<Add directory="include" />
					<Add directory="resources" />
					<Add directory="..\library\include" />
					<Add directory="$(#cairo.include)" />
					<Add directory="$(#glib.include)" />
					<Add directory="$(#glib.lib)\glib-2.0\include" />
					<Add directory="$(#pango.include)" />
					<Add directory="..\msvc-c99" />
				</Compiler>
				<Linker>
					<Add option="/ENTRY:mainCRTStartup" />
					<Add library="pmath" />
					<Add library="cairo" />
					<Add library="glib-2.0" />
					<Add library="gobject-2.0" />
					<Add library="pango-1.0" />
					<Add library="pangocairo-1.0" />
					<Add library="pangowin32-1.0" />
					<Add library="gdi32" />
					<Add library="usp10" />
					<Add library="comctl32" />
					<Add library="user32" />
					<Add library="ole32" />
					<Add library="uuid" />
					<Add directory="..\library\bin\windows\msvc" />
					<Add directory="$(#cairo.lib)" />
					<Add directory="$(#pango.lib)" />
					<Add directory="$(#glib.lib)" />
				</Linker>
				<ExtraCommands>
					<Add after="post-build-windows.bat msvc" />
					<Mode after="always" />
				</ExtraCommands>
			</Target>
		</Build>
		<Unit filename="include\boxes\box.h" />
		<Unit filename="include\boxes\buttonbox.h" />
		<Unit filename="include\boxes\checkboxbox.h" />
		<Unit filename="include\boxes\containerwidgetbox.h" />
		<Unit filename="include\boxes\dynamicbox.h" />
		<Unit filename="include\boxes\emptywidgetbox.h" />
		<Unit filename="include\boxes\errorbox.h" />
		<Unit filename="include\boxes\fillbox.h" />
		<Unit filename="include\boxes\fractionbox.h" />
		<Unit filename="include\boxes\framebox.h" />
		<Unit filename="include\boxes\gridbox.h" />
		<Unit filename="include\boxes\inputfieldbox.h" />
		<Unit filename="include\boxes\interpretationbox.h" />
		<Unit filename="include\boxes\mathsequence.h" />
		<Unit filename="include\boxes\numberbox.h" />
		<Unit filename="include\boxes\ownerbox.h" />
		<Unit filename="include\boxes\progressindicatorbox.h" />
		<Unit filename="include\boxes\radicalbox.h" />
		<Unit filename="include\boxes\radiobuttonbox.h">
			<Option target="&lt;{~None~}&gt;" />
		</Unit>
		<Unit filename="include\boxes\section.h" />
		<Unit filename="include\boxes\sectionlist.h" />
		<Unit filename="include\boxes\setterbox.h" />
		<Unit filename="include\boxes\sliderbox.h" />
		<Unit filename="include\boxes\stylebox.h" />
		<Unit filename="include\boxes\subsuperscriptbox.h" />
		<Unit filename="include\boxes\textsequence.h" />
		<Unit filename="include\boxes\tooltipbox.h" />
		<Unit filename="include\boxes\transformationbox.h" />
		<Unit filename="include\boxes\underoverscriptbox.h" />
		<Unit filename="include\eval\application.h" />
		<Unit filename="include\eval\binding.h" />
		<Unit filename="include\eval\dynamic.h" />
		<Unit filename="include\eval\job.h" />
		<Unit filename="include\eval\server.h" />
		<Unit filename="include\graphics\animation.h" />
		<Unit filename="include\graphics\buffer.h" />
		<Unit filename="include\graphics\canvas.h" />
		<Unit filename="include\graphics\config-shaper.h" />
		<Unit filename="include\graphics\context.h" />
		<Unit filename="include\graphics\fonts.h" />
		<Unit filename="include\graphics\ot-math-shaper.h" />
		<Unit filename="include\graphics\shapers.h" />
		<Unit filename="include\graphics\win32-shaper.h" />
		<Unit filename="include\gui\clipboard.h" />
		<Unit filename="include\gui\control-painter.h" />
		<Unit filename="include\gui\document.h" />
		<Unit filename="include\gui\menu.h" />
		<Unit filename="include\gui\native-widget.h" />
		<Unit filename="include\gui\win32\basic-win32-widget.h" />
		<Unit filename="include\gui\win32\basic-win32-window.h" />
		<Unit filename="include\gui\win32\ole\dataobject.h" />
		<Unit filename="include\gui\win32\ole\dropsource.h" />
		<Unit filename="include\gui\win32\ole\enumformatetc.h" />
		<Unit filename="include\gui\win32\win32-clipboard.h" />
		<Unit filename="include\gui\win32\win32-control-painter.h" />
		<Unit filename="include\gui\win32\win32-document-window.h" />
		<Unit filename="include\gui\win32\win32-menubar.h" />
		<Unit filename="include\gui\win32\win32-themes.h" />
		<Unit filename="include\gui\win32\win32-tooltip-window.h" />
		<Unit filename="include\gui\win32\win32-widget.h" />
		<Unit filename="include\util\array.h" />
		<Unit filename="include\util\base.h" />
		<Unit filename="include\util\concurrent-queue.h" />
		<Unit filename="include\util\hashtable.h" />
		<Unit filename="include\util\matrix.h" />
		<Unit filename="include\util\pmath-extra.h" />
		<Unit filename="include\util\semaphore.h" />
		<Unit filename="include\util\sharedptr.h" />
		<Unit filename="include\util\spanexpr.h" />
		<Unit filename="include\util\style.h" />
		<Unit filename="include\util\syntax-state.h" />
		<Unit filename="resources\resources.h" />
		<Unit filename="resources\richmath.rc">
			<Option compilerVar="WINDRES" />
		</Unit>
		<Unit filename="scripts\frontinit.pmath" />
		<Unit filename="src\boxes\box.cpp" />
		<Unit filename="src\boxes\buttonbox.cpp" />
		<Unit filename="src\boxes\checkboxbox.cpp" />
		<Unit filename="src\boxes\containerwidgetbox.cpp" />
		<Unit filename="src\boxes\dynamicbox.cpp" />
		<Unit filename="src\boxes\emptywidgetbox.cpp" />
		<Unit filename="src\boxes\errorbox.cpp" />
		<Unit filename="src\boxes\fillbox.cpp" />
		<Unit filename="src\boxes\fractionbox.cpp" />
		<Unit filename="src\boxes\framebox.cpp" />
		<Unit filename="src\boxes\gridbox.cpp" />
		<Unit filename="src\boxes\inputfieldbox.cpp" />
		<Unit filename="src\boxes\interpretationbox.cpp" />
		<Unit filename="src\boxes\mathsequence.cpp" />
		<Unit filename="src\boxes\numberbox.cpp" />
		<Unit filename="src\boxes\ownerbox.cpp" />
		<Unit filename="src\boxes\progressindicatorbox.cpp" />
		<Unit filename="src\boxes\radicalbox.cpp" />
		<Unit filename="src\boxes\radiobuttonbox.cpp" />
		<Unit filename="src\boxes\section.cpp" />
		<Unit filename="src\boxes\sectionlist.cpp" />
		<Unit filename="src\boxes\setterbox.cpp" />
		<Unit filename="src\boxes\sliderbox.cpp" />
		<Unit filename="src\boxes\stylebox.cpp" />
		<Unit filename="src\boxes\subsuperscriptbox.cpp" />
		<Unit filename="src\boxes\textsequence.cpp" />
		<Unit filename="src\boxes\tooltipbox.cpp" />
		<Unit filename="src\boxes\transformationbox.cpp" />
		<Unit filename="src\boxes\underoverscriptbox.cpp" />
		<Unit filename="src\eval\application.cpp" />
		<Unit filename="src\eval\binding.cpp" />
		<Unit filename="src\eval\dynamic.cpp" />
		<Unit filename="src\eval\job.cpp" />
		<Unit filename="src\eval\server.cpp" />
		<Unit filename="src\graphics\animation.cpp" />
		<Unit filename="src\graphics\buffer.cpp" />
		<Unit filename="src\graphics\canvas.cpp" />
		<Unit filename="src\graphics\config-shaper.cpp" />
		<Unit filename="src\graphics\context.cpp" />
		<Unit filename="src\graphics\fonts.cpp" />
		<Unit filename="src\graphics\ot-math-shaper.cpp" />
		<Unit filename="src\graphics\shapers.cpp" />
		<Unit filename="src\graphics\win32-shaper.cpp" />
		<Unit filename="src\gui\clipboard.cpp" />
		<Unit filename="src\gui\control-painter.cpp" />
		<Unit filename="src\gui\document.cpp" />
		<Unit filename="src\gui\menu.cpp" />
		<Unit filename="src\gui\native-widget.cpp" />
		<Unit filename="src\gui\win32\basic-win32-widget.cpp" />
		<Unit filename="src\gui\win32\basic-win32-window.cpp" />
		<Unit filename="src\gui\win32\ole\dataobject.cpp" />
		<Unit filename="src\gui\win32\ole\dropsource.cpp" />
		<Unit filename="src\gui\win32\ole\enumformatetc.cpp" />
		<Unit filename="src\gui\win32\win32-clipboard.cpp" />
		<Unit filename="src\gui\win32\win32-control-painter.cpp" />
		<Unit filename="src\gui\win32\win32-document-window.cpp" />
		<Unit filename="src\gui\win32\win32-menubar.cpp" />
		<Unit filename="src\gui\win32\win32-themes.cpp" />
		<Unit filename="src\gui\win32\win32-tooltip-window.cpp" />
		<Unit filename="src\gui\win32\win32-widget.cpp" />
		<Unit filename="src\main.cpp" />
		<Unit filename="src\util\base.cpp" />
		<Unit filename="src\util\pmath-extra.cpp" />
		<Unit filename="src\util\semaphore.cpp" />
		<Unit filename="src\util\spanexpr.cpp" />
		<Unit filename="src\util\style.cpp" />
		<Unit filename="src\util\syntax-state.cpp" />
		<Extensions>
			<code_completion />
			<envvars />
			<debugger>
				<search_path add="..\..\Bibliotheken\Cairo\cairo-1.4.12-debug\src" />
			</debugger>
		</Extensions>
	</Project>
</CodeBlocks_project_file>
