<?xml version="1.0" encoding="UTF-8" standalone="yes" ?>
<CodeBlocks_project_file>
	<FileVersion major="1" minor="6" />
	<Project>
		<Option title="richmath" />
		<Option pch_mode="2" />
		<Option compiler="gcc" />
		<Build>
			<Target title="Windows-GCC-Debug-x86">
				<Option platforms="Windows;" />
				<Option output="bin/windows/gcc-debug-x86/richmath" prefix_auto="1" extension_auto="1" />
				<Option object_output="obj/windows/gcc-debug-x86/no-ft" />
				<Option external_deps="../library/pmath.cbp;" />
				<Option type="1" />
				<Option compiler="gcc" />
				<Compiler>
					<Add option="-march=i686" />
					<Add option="-Wall" />
					<Add option="-std=gnu++11" />
					<Add option="-g" />
					<Add option="-fno-exceptions" />
					<Add option="-mms-bitfields" />
					<Add option="-Wsuggest-override" />
					<Add option="-DPMATH_DEBUG_LOG" />
					<Add option="-DRICHMATH_USE_WIN32_FONT" />
					<Add option="-DRICHMATH_USE_WIN32_GUI" />
					<Add option="-D_WIN32_WINNT=0x600" />
					<Add directory="include" />
					<Add directory="resources" />
					<Add directory="../library/include" />
					<Add directory="$(#cairo_32.include)" />
					<Add directory="$(#glib_32.include)" />
					<Add directory="$(#glib_32.lib)/glib-2.0/include" />
					<Add directory="$(#pango_32.include)" />
				</Compiler>
				<Linker>
					<Add option="-static-libstdc++" />
					<Add option="-static-libgcc" />
					<Add option='&quot;$(#cairo_32.bin)/cairo.dll&quot;' />
					<Add option='&quot;$(#glib_32.bin)/glib-2.0.dll&quot;' />
					<Add option='&quot;$(#glib_32.bin)/gobject-2.0.dll&quot;' />
					<Add option='&quot;$(#pango_32.bin)/pango-1.0.dll&quot;' />
					<Add option='&quot;$(#pango_32.bin)/pangocairo-1.0.dll&quot;' />
					<Add option='&quot;$(#pango_32.bin)/pangowin32-1.0.dll&quot;' />
					<Add library="pmath" />
					<Add library="comctl32" />
					<Add library="comdlg32" />
					<Add library="gdi32" />
					<Add library="ole32" />
					<Add library="user32" />
					<Add library="uuid" />
					<Add library="usp10" />
					<Add library="advapi32" />
					<Add library="shell32" />
					<Add library="shlwapi" />
					<Add library="propsys" />
					<Add directory="../library/$(TARGET_OUTPUT_DIR)" />
				</Linker>
				<ExtraCommands>
					<Add after='powershell.exe -ExecutionPolicy Bypass -NoProfile -NoLogo -NonInteractive -File post-build-windows.ps1 &quot;$(TARGET_OUTPUT_FILE)&quot; &quot;$(PROJECT_DIR)..\library\$(TARGET_OUTPUT_DIR);$(#cairo_32.bin);$(#pango_32.bin);$(#glib_32.bin);$(#gtk_32.bin)&quot; -ErrorAction Stop -Verbose' />
					<Mode after="always" />
				</ExtraCommands>
			</Target>
			<Target title="Windows-GCC-Debug-x86-Freetype">
				<Option platforms="Windows;" />
				<Option output="bin/windows/gcc-debug-x86/richmath-ft" prefix_auto="1" extension_auto="1" />
				<Option object_output="obj/windows/gcc-debug-x86/ft" />
				<Option external_deps="../library/pmath.cbp;" />
				<Option type="1" />
				<Option compiler="gcc" />
				<Compiler>
					<Add option="-march=i686" />
					<Add option="-Wall" />
					<Add option="-std=gnu++11" />
					<Add option="-g" />
					<Add option="-fno-exceptions" />
					<Add option="-mms-bitfields" />
					<Add option="-Wsuggest-override" />
					<Add option="-DPMATH_DEBUG_LOG" />
					<Add option="-DRICHMATH_USE_FT_FONT" />
					<Add option="-DRICHMATH_USE_WIN32_GUI" />
					<Add option="-D_WIN32_WINNT=0x600" />
					<Add directory="include" />
					<Add directory="resources" />
					<Add directory="../library/include" />
					<Add directory="$(#cairo_32.include)" />
					<Add directory="$(#glib_32.include)" />
					<Add directory="$(#glib_32.lib)/glib-2.0/include" />
					<Add directory="$(#pango_32.include)" />
					<Add directory="$(#fontconfig_32.include)" />
					<Add directory="$(#freetype_32.include)" />
				</Compiler>
				<Linker>
					<Add option="-static-libstdc++" />
					<Add option="-static-libgcc" />
					<Add option='&quot;$(#cairo_32.bin)/cairo.dll&quot;' />
					<Add option='&quot;$(#glib_32.bin)/glib-2.0.dll&quot;' />
					<Add option='&quot;$(#glib_32.bin)/gobject-2.0.dll&quot;' />
					<Add option='&quot;$(#pango_32.bin)/pango-1.0.dll&quot;' />
					<Add option='&quot;$(#pango_32.bin)/pangocairo-1.0.dll&quot;' />
					<Add option='&quot;$(#pango_32.bin)/pangowin32-1.0.dll&quot;' />
					<Add option='&quot;$(#pango_32.bin)/pangoft2-1.0.dll&quot;' />
					<Add option='&quot;$(#fontconfig_32.bin)/fontconfig.dll&quot;' />
					<Add option='&quot;$(#freetype_32.bin)/freetype.dll&quot;' />
					<Add library="pmath" />
					<Add library="comctl32" />
					<Add library="comdlg32" />
					<Add library="gdi32" />
					<Add library="ole32" />
					<Add library="user32" />
					<Add library="uuid" />
					<Add library="advapi32" />
					<Add library="shell32" />
					<Add library="shlwapi" />
					<Add library="propsys" />
					<Add directory="../library/$(TARGET_OUTPUT_DIR)" />
				</Linker>
				<ExtraCommands>
					<Add after='powershell.exe -ExecutionPolicy Bypass -NoProfile -NoLogo -NonInteractive -File post-build-windows.ps1 &quot;$(TARGET_OUTPUT_FILE)&quot; &quot;$(PROJECT_DIR)..\library\$(TARGET_OUTPUT_DIR);$(#cairo_32.bin);$(#pango_32.bin);$(#glib_32.bin);$(#fontconfig_32.bin);$(#freetype_32.bin);$(#gtk_32.bin)&quot; -ErrorAction Stop -Verbose' />
					<Mode after="always" />
				</ExtraCommands>
			</Target>
			<Target title="Windows-GCC-Debug-x86-Gtk2">
				<Option platforms="Windows;" />
				<Option output="bin/windows/gcc-debug-x86/richmath-gtk2" prefix_auto="1" extension_auto="1" />
				<Option object_output="obj/windows/gcc-debug-x86/gtk2" />
				<Option external_deps="../library/pmath.cbp;" />
				<Option type="1" />
				<Option compiler="gcc" />
				<Compiler>
					<Add option="-march=i686" />
					<Add option="-Wall" />
					<Add option="-std=gnu++11" />
					<Add option="-g" />
					<Add option="-fno-exceptions" />
					<Add option="-mms-bitfields" />
					<Add option="-Wsuggest-override" />
					<Add option="-DPMATH_DEBUG_LOG" />
					<Add option="-DRICHMATH_USE_FT_FONT" />
					<Add option="-DRICHMATH_USE_GTK_GUI" />
					<Add directory="include" />
					<Add directory="resources" />
					<Add directory="../library/include" />
					<Add directory="$(#cairo_32.include)" />
					<Add directory="$(#pango_32.include)" />
					<Add directory="$(#glib_32.include)" />
					<Add directory="$(#glib_32.lib)/glib-2.0/include" />
					<Add directory="$(#fontconfig_32.include)" />
					<Add directory="$(#gtk_32.include)" />
					<Add directory="$(#gtk_32.include)/gtk-2.0" />
					<Add directory="$(#gtk_32.include)/gdk-pixbuf-2.0" />
					<Add directory="$(#gtk_32.lib)/gtk-2.0/include" />
					<Add directory="$(#gtk_32.include)/atk-1.0" />
				</Compiler>
				<Linker>
					<Add option="-static-libstdc++" />
					<Add option="-static-libgcc" />
					<Add option='&quot;$(#cairo_32.bin)/cairo.dll&quot;' />
					<Add option='&quot;$(#glib_32.bin)/glib-2.0.dll&quot;' />
					<Add option='&quot;$(#glib_32.bin)/gobject-2.0.dll&quot;' />
					<Add option='&quot;$(#glib_32.bin)/gio-2.0.dll&quot;' />
					<Add option='&quot;$(#pango_32.bin)/pango-1.0.dll&quot;' />
					<Add option='&quot;$(#pango_32.bin)/pangocairo-1.0.dll&quot;' />
					<Add option='&quot;$(#pango_32.bin)/pangowin32-1.0.dll&quot;' />
					<Add option='&quot;$(#fontconfig_32.bin)/fontconfig.dll&quot;' />
					<Add option='&quot;$(#freetype_32.bin)/freetype.dll&quot;' />
					<Add option='&quot;$(#gtk_32.bin)/gdk-win32-2.0.dll&quot;' />
					<Add option='&quot;$(#gtk_32.bin)/gdk_pixbuf-2.0.dll&quot;' />
					<Add option='&quot;$(#gtk_32.bin)/gtk-win32-2.0.dll&quot;' />
					<Add library="pmath" />
					<Add library="user32" />
					<Add directory="../library/$(TARGET_OUTPUT_DIR)" />
				</Linker>
				<ExtraCommands>
					<Add after='powershell.exe -ExecutionPolicy Bypass -NoProfile -NoLogo -NonInteractive -File post-build-windows.ps1 &quot;$(TARGET_OUTPUT_FILE)&quot; &quot;$(PROJECT_DIR)..\library\$(TARGET_OUTPUT_DIR);$(#cairo_32.bin);$(#pango_32.bin);$(#glib_32.bin);$(#fontconfig_32.bin);$(#freetype_32.bin);$(#gtk_32.bin)&quot; -ErrorAction Stop -Verbose' />
					<Mode after="always" />
				</ExtraCommands>
			</Target>
			<Target title="Windows-GCC-Debug-x86-Gtk3">
				<Option platforms="Windows;" />
				<Option output="bin/windows/gcc-debug-x86/richmath-gtk3" prefix_auto="1" extension_auto="1" />
				<Option object_output="obj/windows/gcc-debug-x86/gtk3" />
				<Option external_deps="../library/pmath.cbp;" />
				<Option type="1" />
				<Option compiler="gcc" />
				<Compiler>
					<Add option="-march=i686" />
					<Add option="-Wall" />
					<Add option="-std=gnu++11" />
					<Add option="-g" />
					<Add option="-fno-exceptions" />
					<Add option="-mms-bitfields" />
					<Add option="-Wsuggest-override" />
					<Add option="-DPMATH_DEBUG_LOG" />
					<Add option="-DRICHMATH_USE_FT_FONT" />
					<Add option="-DRICHMATH_USE_GTK_GUI" />
					<Add directory="include" />
					<Add directory="resources" />
					<Add directory="../library/include" />
					<Add directory="$(#cairo_32.include)" />
					<Add directory="$(#pango_32.include)" />
					<Add directory="$(#glib_32.include)" />
					<Add directory="$(#glib_32.lib)/glib-2.0/include" />
					<Add directory="$(#fontconfig_32.include)" />
					<Add directory="$(#gtk3_32.include)" />
					<Add directory="$(#gtk3_32.include)/gtk-3.0" />
					<Add directory="$(#gtk3_32.include)/gdk-pixbuf-2.0" />
					<Add directory="$(#gtk3_32.lib)/gtk-3.0/include" />
					<Add directory="$(#gtk3_32.include)/atk-1.0" />
				</Compiler>
				<Linker>
					<Add option="-static-libstdc++" />
					<Add option="-static-libgcc" />
					<Add option='&quot;$(#cairo_32.bin)/cairo.dll&quot;' />
					<Add option='&quot;$(#glib_32.bin)/glib-2.0.dll&quot;' />
					<Add option='&quot;$(#glib_32.bin)/gobject-2.0.dll&quot;' />
					<Add option='&quot;$(#glib_32.bin)/gio-2.0.dll&quot;' />
					<Add option='&quot;$(#pango_32.bin)/pango-1.0.dll&quot;' />
					<Add option='&quot;$(#pango_32.bin)/pangocairo-1.0.dll&quot;' />
					<Add option='&quot;$(#pango_32.bin)/pangowin32-1.0.dll&quot;' />
					<Add option='&quot;$(#fontconfig_32.bin)/fontconfig.dll&quot;' />
					<Add option='&quot;$(#freetype_32.bin)/freetype.dll&quot;' />
					<Add option='&quot;$(#gtk3_32.bin)/gdk-3-3.0.dll&quot;' />
					<Add option='&quot;$(#gtk3_32.bin)/gdk_pixbuf-2.0.dll&quot;' />
					<Add option='&quot;$(#gtk3_32.bin)/gtk-3-3.0.dll&quot;' />
					<Add library="pmath" />
					<Add library="user32" />
					<Add directory="../library/$(TARGET_OUTPUT_DIR)" />
				</Linker>
				<ExtraCommands>
					<Add after='powershell.exe -ExecutionPolicy Bypass -NoProfile -NoLogo -NonInteractive -File post-build-windows.ps1 &quot;$(TARGET_OUTPUT_FILE)&quot; &quot;$(PROJECT_DIR)..\library\$(TARGET_OUTPUT_DIR);$(#cairo_32.bin);$(#pango_32.bin);$(#glib_32.bin);$(#fontconfig_32.bin);$(#freetype_32.bin);$(#gtk3_32.bin)&quot; -ErrorAction Stop -Verbose' />
					<Mode after="always" />
				</ExtraCommands>
			</Target>
			<Target title="Windows-GCC-Release-x86">
				<Option platforms="Windows;" />
				<Option output="bin/windows/gcc-release-x86/richmath" prefix_auto="1" extension_auto="1" />
				<Option object_output="obj/windows/gcc-release-x86/" />
				<Option external_deps="../library/pmath.cbp;" />
				<Option type="0" />
				<Option compiler="gcc" />
				<Compiler>
					<Add option="-march=i686" />
					<Add option="-flto" />
					<Add option="-Wall" />
					<Add option="-std=gnu++11" />
					<Add option="-g" />
					<Add option="-fno-exceptions" />
					<Add option="-mms-bitfields" />
					<Add option="-Wsuggest-override" />
					<Add option="-DNDEBUG" />
					<Add option="-DRICHMATH_USE_WIN32_FONT" />
					<Add option="-DRICHMATH_USE_WIN32_GUI" />
					<Add option="-D_WIN32_WINNT=0x600" />
					<Add directory="include" />
					<Add directory="resources" />
					<Add directory="../library/include" />
					<Add directory="$(#cairo_32.include)" />
					<Add directory="$(#glib_32.include)" />
					<Add directory="$(#glib_32.lib)/glib-2.0/include" />
					<Add directory="$(#pango_32.include)" />
				</Compiler>
				<Linker>
					<Add option="-O3" />
					<Add option="-flto" />
					<Add option="-s" />
					<Add option="-static-libstdc++" />
					<Add option="-static-libgcc" />
					<Add option='&quot;$(#cairo_32.bin)/cairo.dll&quot;' />
					<Add option='&quot;$(#glib_32.bin)/glib-2.0.dll&quot;' />
					<Add option='&quot;$(#glib_32.bin)/gobject-2.0.dll&quot;' />
					<Add option='&quot;$(#pango_32.bin)/pango-1.0.dll&quot;' />
					<Add option='&quot;$(#pango_32.bin)/pangocairo-1.0.dll&quot;' />
					<Add option='&quot;$(#pango_32.bin)/pangowin32-1.0.dll&quot;' />
					<Add library="pmath" />
					<Add library="comctl32" />
					<Add library="comdlg32" />
					<Add library="gdi32" />
					<Add library="ole32" />
					<Add library="user32" />
					<Add library="uuid" />
					<Add library="usp10" />
					<Add library="advapi32" />
					<Add library="shell32" />
					<Add library="shlwapi" />
					<Add library="propsys" />
					<Add directory="../library/$(TARGET_OUTPUT_DIR)" />
				</Linker>
				<ExtraCommands>
					<Add after='powershell.exe -ExecutionPolicy Bypass -NoProfile -NoLogo -NonInteractive -File post-build-windows.ps1 &quot;$(TARGET_OUTPUT_FILE)&quot; &quot;$(PROJECT_DIR)..\library\$(TARGET_OUTPUT_DIR);$(#cairo_32.bin);$(#pango_32.bin);$(#glib_32.bin);$(#gtk_32.bin)&quot; -ErrorAction Stop -Verbose' />
					<Mode after="always" />
				</ExtraCommands>
			</Target>
			<Target title="Windows-GCC-Debug-x64-Gtk3">
				<Option platforms="Windows;" />
				<Option output="bin/windows/gcc-debug-x64/richmath-gtk3" prefix_auto="1" extension_auto="1" />
				<Option object_output="obj/windows/gcc-debug-x64/gtk3" />
				<Option external_deps="../library/pmath.cbp;" />
				<Option type="1" />
				<Option compiler="gnu_gcc_x64_compiler" />
				<Compiler>
					<Add option="-march=core2" />
					<Add option="-Wall" />
					<Add option="-std=gnu++11" />
					<Add option="-g" />
					<Add option="-fno-exceptions" />
					<Add option="-mms-bitfields" />
					<Add option="-Wsuggest-override" />
					<Add option="-DPMATH_DEBUG_LOG" />
					<Add option="-DRICHMATH_USE_FT_FONT" />
					<Add option="-DRICHMATH_USE_GTK_GUI" />
					<Add directory="include" />
					<Add directory="resources" />
					<Add directory="../library/include" />
					<Add directory="$(#cairo_64.include)" />
					<Add directory="$(#pango_64.include)" />
					<Add directory="$(#glib_64.include)" />
					<Add directory="$(#glib_64.lib)/glib-2.0/include" />
					<Add directory="$(#fontconfig_64.include)" />
					<Add directory="$(#gtk3_64.include)" />
					<Add directory="$(#gtk3_64.include)/gtk-3.0" />
					<Add directory="$(#gtk3_64.include)/gdk-pixbuf-2.0" />
					<Add directory="$(#gtk3_64.lib)/gtk-3.0/include" />
					<Add directory="$(#gtk3_64.include)/atk-1.0" />
				</Compiler>
				<Linker>
					<Add option="-static-libstdc++" />
					<Add option="-static-libgcc" />
					<Add option='&quot;$(#cairo_64.bin)/cairo.dll&quot;' />
					<Add option='&quot;$(#glib_64.bin)/glib-2.0.dll&quot;' />
					<Add option='&quot;$(#glib_64.bin)/gobject-2.0.dll&quot;' />
					<Add option='&quot;$(#glib_64.bin)/gio-2.0.dll&quot;' />
					<Add option='&quot;$(#pango_64.bin)/pango-1.0.dll&quot;' />
					<Add option='&quot;$(#pango_64.bin)/pangocairo-1.0.dll&quot;' />
					<Add option='&quot;$(#pango_64.bin)/pangowin32-1.0.dll&quot;' />
					<Add option='&quot;$(#fontconfig_64.bin)/fontconfig.dll&quot;' />
					<Add option='&quot;$(#freetype_64.bin)/freetype.dll&quot;' />
					<Add option='&quot;$(#gtk3_64.bin)/gdk-3-3.0.dll&quot;' />
					<Add option='&quot;$(#gtk3_64.bin)/gdk_pixbuf-2.0.dll&quot;' />
					<Add option='&quot;$(#gtk3_64.bin)/gtk-3-3.0.dll&quot;' />
					<Add library="pmath" />
					<Add library="user32" />
					<Add directory="../library/$(TARGET_OUTPUT_DIR)" />
				</Linker>
				<ExtraCommands>
					<Add after='powershell.exe -ExecutionPolicy Bypass -NoProfile -NoLogo -NonInteractive -File post-build-windows.ps1 &quot;$(TARGET_OUTPUT_FILE)&quot; &quot;$(PROJECT_DIR)..\library\$(TARGET_OUTPUT_DIR);$(#cairo_64.bin);$(#pango_64.bin);$(#glib_64.bin);$(#fontconfig_64.bin);$(#freetype_64.bin);$(#gtk3_64.bin)&quot; -ErrorAction Stop -Verbose' />
					<Mode after="always" />
				</ExtraCommands>
			</Target>
			<Target title="Windows-MSVC-Debug-x86">
				<Option platforms="Windows;" />
				<Option output="bin/windows/msvc-debug-x86/richmath" prefix_auto="1" extension_auto="1" />
				<Option object_output="obj/windows/msvc-debug-x86/" />
				<Option external_deps="../library/pmath.cbp;" />
				<Option type="1" />
				<Option compiler="msvc_2015" />
				<Compiler>
					<Add option="/MDd" />
					<Add option="/arch:SSE2" />
					<Add option="/Gd" />
					<Add option="/GF" />
					<Add option="/Zi" />
					<Add option='/Fd&quot;$(TARGET_OUTPUT_DIR)$(TARGET_OUTPUT_BASENAME).pdb&quot;' />
					<Add option="/wd4061 /wd4100 /wd4146 /wd4244 /wd4305 /wd4625 /wd4626 /wd4710 /wd4711 /wd4738 /wd4800 /wd4820 /wd5026 /wd5027" />
					<Add option="/wd4263 /wd4264 /wd4266 /wd4577" />
					<Add option="/DPMATH_DEBUG_LOG" />
					<Add option="/D_HAS_EXCEPTIONS=0" />
					<Add option="/D_USE_MATH_DEFINES" />
					<Add option="/DRICHMATH_USE_WIN32_FONT" />
					<Add option="/DRICHMATH_USE_WIN32_GUI" />
					<Add option="/D_WIN32_WINNT=0x600" />
					<Add directory="include" />
					<Add directory="resources" />
					<Add directory="../library/include" />
					<Add directory="$(#cairo_32.include)" />
					<Add directory="$(#glib_32.include)" />
					<Add directory="$(#glib_32.lib)/glib-2.0/include" />
					<Add directory="$(#pango_32.include)" />
				</Compiler>
				<Linker>
					<Add option="/debug" />
					<Add option="/ENTRY:mainCRTStartup" />
					<Add option="/NATVIS:$(PROJECT_DIR)..\debugging\windbg\richmath.natvis" />
					<Add library="pmath" />
					<Add library="cairo" />
					<Add library="glib-2.0" />
					<Add library="gobject-2.0" />
					<Add library="pango-1.0" />
					<Add library="pangocairo-1.0" />
					<Add library="pangowin32-1.0" />
					<Add library="comctl32" />
					<Add library="comdlg32" />
					<Add library="gdi32" />
					<Add library="ole32" />
					<Add library="user32" />
					<Add library="uuid" />
					<Add library="usp10" />
					<Add library="advapi32" />
					<Add library="shell32" />
					<Add library="shlwapi" />
					<Add library="propsys" />
					<Add directory="../library/$(TARGET_OUTPUT_DIR)" />
					<Add directory="$(#cairo_32.lib)" />
					<Add directory="$(#glib_32.lib)" />
					<Add directory="$(#pango_32.lib)" />
				</Linker>
				<ExtraCommands>
					<Add after='powershell.exe -ExecutionPolicy Bypass -NoProfile -NoLogo -NonInteractive -File post-build-windows.ps1 &quot;$(TARGET_OUTPUT_FILE)&quot; &quot;$(PROJECT_DIR)..\library\$(TARGET_OUTPUT_DIR);$(#cairo_32.bin);$(#pango_32.bin);$(#glib_32.bin);$(#gtk_32.bin)&quot; -ErrorAction Stop -Verbose' />
					<Mode after="always" />
				</ExtraCommands>
			</Target>
			<Target title="Windows-MSVC-Release-x86">
				<Option platforms="Windows;" />
				<Option output="bin/windows/msvc-release-x86/richmath" prefix_auto="1" extension_auto="1" />
				<Option object_output="obj/windows/msvc-release-x86/" />
				<Option external_deps="../library/pmath.cbp;" />
				<Option type="0" />
				<Option compiler="msvc_2015" />
				<Compiler>
					<Add option="/MD" />
					<Add option="/arch:SSE2" />
					<Add option="/Gd" />
					<Add option="/GF" />
					<Add option="/Zi" />
					<Add option='/Fd&quot;$(TARGET_OUTPUT_DIR)$(TARGET_OUTPUT_BASENAME).pdb&quot;' />
					<Add option="/wd4061 /wd4100 /wd4146 /wd4244 /wd4305 /wd4625 /wd4626 /wd4710 /wd4711 /wd4738 /wd4800 /wd4820 /wd5026 /wd5027" />
					<Add option="/wd4263 /wd4264 /wd4266 /wd4577" />
					<Add option="/DNDEBUG" />
					<Add option="/D_HAS_EXCEPTIONS=0" />
					<Add option="/D_USE_MATH_DEFINES" />
					<Add option="/DRICHMATH_USE_WIN32_FONT" />
					<Add option="/DRICHMATH_USE_WIN32_GUI" />
					<Add option="/D_WIN32_WINNT=0x600" />
					<Add directory="include" />
					<Add directory="resources" />
					<Add directory="../library/include" />
					<Add directory="$(#cairo_32.include)" />
					<Add directory="$(#glib_32.include)" />
					<Add directory="$(#glib_32.lib)/glib-2.0/include" />
					<Add directory="$(#pango_32.include)" />
				</Compiler>
				<Linker>
					<Add option="/debug" />
					<Add option="/ENTRY:mainCRTStartup" />
					<Add option="/NATVIS:$(PROJECT_DIR)..\debugging\windbg\richmath.natvis" />
					<Add library="pmath" />
					<Add library="cairo" />
					<Add library="glib-2.0" />
					<Add library="gobject-2.0" />
					<Add library="pango-1.0" />
					<Add library="pangocairo-1.0" />
					<Add library="pangowin32-1.0" />
					<Add library="comctl32" />
					<Add library="comdlg32" />
					<Add library="gdi32" />
					<Add library="ole32" />
					<Add library="user32" />
					<Add library="uuid" />
					<Add library="usp10" />
					<Add library="advapi32" />
					<Add library="shell32" />
					<Add library="shlwapi" />
					<Add library="propsys" />
					<Add directory="../library/$(TARGET_OUTPUT_DIR)" />
					<Add directory="$(#cairo_32.lib)" />
					<Add directory="$(#pango_32.lib)" />
					<Add directory="$(#glib_32.lib)" />
				</Linker>
				<ExtraCommands>
					<Add after='powershell.exe -ExecutionPolicy Bypass -NoProfile -NoLogo -NonInteractive -File post-build-windows.ps1 &quot;$(TARGET_OUTPUT_FILE)&quot; &quot;$(PROJECT_DIR)..\library\$(TARGET_OUTPUT_DIR);$(#cairo_32.bin);$(#pango_32.bin);$(#glib_32.bin);$(#gtk_32.bin)&quot; -ErrorAction Stop -Verbose' />
					<Mode after="always" />
				</ExtraCommands>
			</Target>
			<Target title="Windows-MSVC-Debug-x64">
				<Option platforms="Windows;" />
				<Option output="bin/windows/msvc-debug-x64/richmath" prefix_auto="1" extension_auto="1" />
				<Option object_output="obj/windows/msvc-debug-x64/" />
				<Option external_deps="../library/pmath.cbp;" />
				<Option type="1" />
				<Option compiler="msvc_2015_x64" />
				<Compiler>
					<Add option="/MDd" />
					<Add option="/Gd" />
					<Add option="/GF" />
					<Add option="/Zi" />
					<Add option='/Fd&quot;$(TARGET_OUTPUT_DIR)$(TARGET_OUTPUT_BASENAME).pdb&quot;' />
					<Add option="/wd4061 /wd4100 /wd4146 /wd4244 /wd4305 /wd4625 /wd4626 /wd4710 /wd4711 /wd4738 /wd4800 /wd4820 /wd5026 /wd5027" />
					<Add option="/wd4263 /wd4264 /wd4266 /wd4577" />
					<Add option="/DPMATH_DEBUG_LOG" />
					<Add option="/D_HAS_EXCEPTIONS=0" />
					<Add option="/D_USE_MATH_DEFINES" />
					<Add option="/DRICHMATH_USE_WIN32_FONT" />
					<Add option="/DRICHMATH_USE_WIN32_GUI" />
					<Add option="/D_WIN32_WINNT=0x600" />
					<Add directory="include" />
					<Add directory="resources" />
					<Add directory="../library/include" />
					<Add directory="$(#cairo_64.include)" />
					<Add directory="$(#glib_64.include)" />
					<Add directory="$(#glib_64.lib)/glib-2.0/include" />
					<Add directory="$(#pango_64.include)" />
				</Compiler>
				<Linker>
					<Add option="/debug" />
					<Add option="/ENTRY:mainCRTStartup" />
					<Add option="/NATVIS:$(PROJECT_DIR)..\debugging\windbg\richmath.natvis" />
					<Add library="pmath" />
					<Add library="cairo" />
					<Add library="glib-2.0" />
					<Add library="gobject-2.0" />
					<Add library="pango-1.0" />
					<Add library="pangocairo-1.0" />
					<Add library="pangowin32-1.0" />
					<Add library="comctl32" />
					<Add library="comdlg32" />
					<Add library="gdi32" />
					<Add library="ole32" />
					<Add library="user32" />
					<Add library="uuid" />
					<Add library="usp10" />
					<Add library="advapi32" />
					<Add library="shell32" />
					<Add library="shlwapi" />
					<Add library="propsys" />
					<Add directory="../library/$(TARGET_OUTPUT_DIR)" />
					<Add directory="$(#cairo_64.lib)" />
					<Add directory="$(#glib_64.lib)" />
					<Add directory="$(#pango_64.lib)" />
				</Linker>
				<ExtraCommands>
					<Add after='powershell.exe -ExecutionPolicy Bypass -NoProfile -NoLogo -NonInteractive -File post-build-windows.ps1 &quot;$(TARGET_OUTPUT_FILE)&quot; &quot;$(PROJECT_DIR)..\library\$(TARGET_OUTPUT_DIR);$(#cairo_64.bin);$(#pango_64.bin);$(#glib_64.bin);$(#gtk_64.bin)&quot; -ErrorAction Stop -Verbose' />
					<Mode after="always" />
				</ExtraCommands>
			</Target>
			<Target title="Windows-MSVC-Release-x64">
				<Option platforms="Windows;" />
				<Option output="bin/windows/msvc-release-x64/richmath" prefix_auto="1" extension_auto="1" />
				<Option object_output="obj/windows/msvc-release-x64/" />
				<Option external_deps="../library/pmath.cbp;" />
				<Option type="0" />
				<Option compiler="msvc_2015_x64" />
				<Compiler>
					<Add option="/MD" />
					<Add option="/Gd" />
					<Add option="/GL" />
					<Add option="/GF" />
					<Add option="/Zi" />
					<Add option='/Fd&quot;$(TARGET_OUTPUT_DIR)$(TARGET_OUTPUT_BASENAME).pdb&quot;' />
					<Add option="/wd4061 /wd4100 /wd4146 /wd4244 /wd4305 /wd4625 /wd4626 /wd4710 /wd4711 /wd4738 /wd4800 /wd4820 /wd5026 /wd5027" />
					<Add option="/wd4263 /wd4264 /wd4266 /wd4577" />
					<Add option="/DNDEBUG" />
					<Add option="/D_HAS_EXCEPTIONS=0" />
					<Add option="/D_USE_MATH_DEFINES" />
					<Add option="/DRICHMATH_USE_WIN32_FONT" />
					<Add option="/DRICHMATH_USE_WIN32_GUI" />
					<Add option="/D_WIN32_WINNT=0x600" />
					<Add directory="include" />
					<Add directory="resources" />
					<Add directory="../library/include" />
					<Add directory="$(#cairo_64.include)" />
					<Add directory="$(#glib_64.include)" />
					<Add directory="$(#glib_64.lib)/glib-2.0/include" />
					<Add directory="$(#pango_64.include)" />
				</Compiler>
				<Linker>
					<Add option="/debug" />
					<Add option="/ENTRY:mainCRTStartup" />
					<Add option="/NATVIS:$(PROJECT_DIR)..\debugging\windbg\richmath.natvis" />
					<Add option="/LTCG" />
					<Add library="pmath" />
					<Add library="cairo" />
					<Add library="glib-2.0" />
					<Add library="gobject-2.0" />
					<Add library="pango-1.0" />
					<Add library="pangocairo-1.0" />
					<Add library="pangowin32-1.0" />
					<Add library="comctl32" />
					<Add library="comdlg32" />
					<Add library="gdi32" />
					<Add library="ole32" />
					<Add library="user32" />
					<Add library="uuid" />
					<Add library="usp10" />
					<Add library="advapi32" />
					<Add library="shell32" />
					<Add library="shlwapi" />
					<Add library="propsys" />
					<Add directory="../library/$(TARGET_OUTPUT_DIR)" />
					<Add directory="$(#cairo_64.lib)" />
					<Add directory="$(#glib_64.lib)" />
					<Add directory="$(#pango_64.lib)" />
				</Linker>
				<ExtraCommands>
					<Add after='powershell.exe -ExecutionPolicy Bypass -NoProfile -NoLogo -NonInteractive -File post-build-windows.ps1 &quot;$(TARGET_OUTPUT_FILE)&quot; &quot;$(PROJECT_DIR)..\library\$(TARGET_OUTPUT_DIR);$(#cairo_64.bin);$(#pango_64.bin);$(#glib_64.bin);$(#gtk_64.bin)&quot; -ErrorAction Stop -Verbose' />
					<Mode after="always" />
				</ExtraCommands>
			</Target>
			<Target title="Linux-GCC-Debug-x86">
				<Option platforms="Unix;" />
				<Option output="bin/linux/gcc-debug-x86/richmath" prefix_auto="1" extension_auto="1" />
				<Option object_output="obj/linux/gcc-debug-x86" />
				<Option external_deps="../library/pmath.cbp;" />
				<Option type="1" />
				<Option compiler="gcc" />
				<Compiler>
					<Add option="-march=i686" />
					<Add option="-Wall" />
					<Add option="-std=gnu++11" />
					<Add option="-g" />
					<Add option="-fno-exceptions" />
					<Add option="-Wno-unused-but-set-variable" />
					<Add option="`pkg-config gtk+-2.0 --cflags`" />
					<Add option="-DPMATH_DEBUG_LOG" />
					<Add option="-DRICHMATH_USE_FT_FONT" />
					<Add option="-DRICHMATH_USE_GTK_GUI" />
					<Add directory="include" />
					<Add directory="resources" />
					<Add directory="../library/include" />
					<Add directory="$(#cairo_32.include)" />
				</Compiler>
				<Linker>
					<Add option="`pkg-config gtk+-2.0 --libs`" />
					<Add option="-lX11" />
					<Add option="-Wl,-rpath,?ORIGIN" />
					<Add library="pmath" />
					<Add directory="../library/bin/linux/gcc-debug-x86" />
				</Linker>
				<ExtraCommands>
					<Add after="./post-build-linux.sh gcc-debug-x86 x86  gcc-debug-x86" />
					<Mode after="always" />
				</ExtraCommands>
			</Target>
			<Target title="Linux-GCC-Debug-x64">
				<Option platforms="Unix;" />
				<Option output="bin/linux/gcc-debug-x64/richmath" prefix_auto="1" extension_auto="1" />
				<Option object_output="obj/linux/gcc-debug-x64" />
				<Option external_deps="../library/pmath.cbp;" />
				<Option type="1" />
				<Option compiler="gnu_gcc_x64_compiler" />
				<Compiler>
					<Add option="-march=core2" />
					<Add option="-Wall" />
					<Add option="-std=gnu++11" />
					<Add option="-g" />
					<Add option="-fno-exceptions" />
					<Add option="-mcx16" />
					<Add option="-Wno-unused-but-set-variable" />
					<Add option="-Wpointer-arith" />
					<Add option="`pkg-config gtk+-2.0 --cflags`" />
					<Add option="-DPMATH_DEBUG_LOG" />
					<Add option="-DRICHMATH_USE_FT_FONT" />
					<Add option="-DRICHMATH_USE_GTK_GUI" />
					<Add directory="include" />
					<Add directory="resources" />
					<Add directory="../library/include" />
					<Add directory="$(#cairo_64.include)" />
				</Compiler>
				<Linker>
					<Add option="`pkg-config gtk+-2.0 --libs`" />
					<Add option="-lX11" />
					<Add option="-Wl,-rpath,?ORIGIN" />
					<Add library="pmath" />
					<Add directory="../library/bin/linux/gcc-debug-x64" />
				</Linker>
				<ExtraCommands>
					<Add after="./post-build-linux.sh gcc-debug-x64 x64  gcc-debug-x64" />
					<Mode after="always" />
				</ExtraCommands>
			</Target>
			<Target title="Linux-GCC-Debug-x86-Gtk3">
				<Option platforms="Unix;" />
				<Option output="bin/linux/gcc-debug-x86-gtk3/richmath" prefix_auto="1" extension_auto="1" />
				<Option object_output="obj/linux/gcc-debug-x86-gtk3" />
				<Option external_deps="../library/pmath.cbp;" />
				<Option type="1" />
				<Option compiler="gcc" />
				<Compiler>
					<Add option="-march=i686" />
					<Add option="-Wall" />
					<Add option="-std=gnu++11" />
					<Add option="-g" />
					<Add option="-fno-exceptions" />
					<Add option="-Wno-unused-but-set-variable" />
					<Add option="`pkg-config gtk+-3.0 --cflags`" />
					<Add option="-DPMATH_DEBUG_LOG" />
					<Add option="-DRICHMATH_USE_FT_FONT" />
					<Add option="-DRICHMATH_USE_GTK_GUI" />
					<Add directory="include" />
					<Add directory="resources" />
					<Add directory="../library/include" />
					<Add directory="$(#cairo_32.include)" />
				</Compiler>
				<Linker>
					<Add option="`pkg-config gtk+-3.0 --libs`" />
					<Add option="-lX11" />
					<Add option="-Wl,-rpath,?ORIGIN" />
					<Add library="pmath" />
					<Add library="fontconfig" />
					<Add library="freetype" />
					<Add directory="../library/bin/linux/gcc-debug-x86" />
				</Linker>
				<ExtraCommands>
					<Add after="./post-build-linux.sh gcc-debug-x86 x86  gcc-debug-x86-gtk3" />
					<Mode after="always" />
				</ExtraCommands>
			</Target>
			<Target title="Linux-GCC-Debug-x64-Gtk3">
				<Option platforms="Unix;" />
				<Option output="bin/linux/gcc-debug-x64-gtk3/richmath" prefix_auto="1" extension_auto="1" />
				<Option object_output="obj/linux/gcc-debug-x64-gtk3" />
				<Option external_deps="../library/pmath.cbp;" />
				<Option type="1" />
				<Option compiler="gnu_gcc_x64_compiler" />
				<Compiler>
					<Add option="-march=core2" />
					<Add option="-Wall" />
					<Add option="-std=gnu++11" />
					<Add option="-g" />
					<Add option="-fno-exceptions" />
					<Add option="-mcx16" />
					<Add option="-Wno-unused-but-set-variable" />
					<Add option="`pkg-config gtk+-3.0 --cflags`" />
					<Add option="-DPMATH_DEBUG_LOG" />
					<Add option="-DRICHMATH_USE_FT_FONT" />
					<Add option="-DRICHMATH_USE_GTK_GUI" />
					<Add directory="include" />
					<Add directory="resources" />
					<Add directory="../library/include" />
					<Add directory="$(#cairo_64.include)" />
				</Compiler>
				<Linker>
					<Add option="`pkg-config gtk+-3.0 --libs`" />
					<Add option="-lX11" />
					<Add option="-Wl,-rpath,?ORIGIN" />
					<Add library="pmath" />
					<Add library="fontconfig" />
					<Add library="freetype" />
					<Add directory="../library/bin/linux/gcc-debug-x64" />
				</Linker>
				<ExtraCommands>
					<Add after="./post-build-linux.sh gcc-debug-x64 x64  gcc-debug-x64-gtk3" />
					<Mode after="always" />
				</ExtraCommands>
			</Target>
		</Build>
		<Unit filename="include/boxes/box.h" />
		<Unit filename="include/boxes/buttonbox.h" />
		<Unit filename="include/boxes/checkboxbox.h" />
		<Unit filename="include/boxes/containerwidgetbox.h" />
		<Unit filename="include/boxes/dynamicbox.h" />
		<Unit filename="include/boxes/dynamiclocalbox.h" />
		<Unit filename="include/boxes/emptywidgetbox.h" />
		<Unit filename="include/boxes/errorbox.h" />
		<Unit filename="include/boxes/fillbox.h" />
		<Unit filename="include/boxes/fractionbox.h" />
		<Unit filename="include/boxes/framebox.h" />
		<Unit filename="include/boxes/graphics/axisticks.h" />
		<Unit filename="include/boxes/graphics/graphicsbox.h" />
		<Unit filename="include/boxes/graphics/graphicsdirective.h" />
		<Unit filename="include/boxes/graphics/graphicselement.h" />
		<Unit filename="include/boxes/graphics/linebox.h" />
		<Unit filename="include/boxes/graphics/pointbox.h" />
		<Unit filename="include/boxes/gridbox.h" />
		<Unit filename="include/boxes/inputfieldbox.h" />
		<Unit filename="include/boxes/interpretationbox.h" />
		<Unit filename="include/boxes/mathsequence.h" />
		<Unit filename="include/boxes/numberbox.h" />
		<Unit filename="include/boxes/openerbox.h" />
		<Unit filename="include/boxes/ownerbox.h" />
		<Unit filename="include/boxes/panebox.h" />
		<Unit filename="include/boxes/panelbox.h" />
		<Unit filename="include/boxes/paneselectorbox.h" />
		<Unit filename="include/boxes/progressindicatorbox.h" />
		<Unit filename="include/boxes/radicalbox.h" />
		<Unit filename="include/boxes/radiobuttonbox.h" />
		<Unit filename="include/boxes/section.h" />
		<Unit filename="include/boxes/sectionlist.h" />
		<Unit filename="include/boxes/sectionornament.h">
			<Option target="&lt;{~None~}&gt;" />
		</Unit>
		<Unit filename="include/boxes/setterbox.h" />
		<Unit filename="include/boxes/sliderbox.h" />
		<Unit filename="include/boxes/stylebox.h" />
		<Unit filename="include/boxes/subsuperscriptbox.h" />
		<Unit filename="include/boxes/templatebox.h" />
		<Unit filename="include/boxes/textsequence.h" />
		<Unit filename="include/boxes/tooltipbox.h" />
		<Unit filename="include/boxes/transformationbox.h" />
		<Unit filename="include/boxes/underoverscriptbox.h" />
		<Unit filename="include/eval/application.h" />
		<Unit filename="include/eval/binding.h" />
		<Unit filename="include/eval/cubic-bezier-easing-function.h" />
		<Unit filename="include/eval/current-value.h" />
		<Unit filename="include/eval/dynamic.h" />
		<Unit filename="include/eval/eval-contexts.h" />
		<Unit filename="include/eval/interpolation.h" />
		<Unit filename="include/eval/job.h" />
		<Unit filename="include/eval/observable.h" />
		<Unit filename="include/eval/partial-dynamic.h" />
		<Unit filename="include/eval/server.h" />
		<Unit filename="include/graphics/animation.h" />
		<Unit filename="include/graphics/buffer.h" />
		<Unit filename="include/graphics/cairostream.h" />
		<Unit filename="include/graphics/canvas.h" />
		<Unit filename="include/graphics/color.h" />
		<Unit filename="include/graphics/config-shaper.h" />
		<Unit filename="include/graphics/context.h" />
		<Unit filename="include/graphics/fonts.h" />
		<Unit filename="include/graphics/ft-shaper.h" />
		<Unit filename="include/graphics/glyphs.h" />
		<Unit filename="include/graphics/ot-font-reshaper.h" />
		<Unit filename="include/graphics/ot-math-shaper.h" />
		<Unit filename="include/graphics/paint-hook.h" />
		<Unit filename="include/graphics/rectangle.h" />
		<Unit filename="include/graphics/shapers.h" />
		<Unit filename="include/graphics/syntax-styles.h" />
		<Unit filename="include/graphics/win32-shaper.h">
			<Option target="Windows-GCC-Debug-x86" />
			<Option target="Windows-GCC-Debug-x86-Freetype" />
			<Option target="Windows-GCC-Release-x86" />
			<Option target="Windows-MSVC-Debug-x86" />
			<Option target="Windows-MSVC-Release-x86" />
			<Option target="Windows-MSVC-Debug-x64" />
			<Option target="Windows-MSVC-Release-x64" />
		</Unit>
		<Unit filename="include/gui/clipboard.h" />
		<Unit filename="include/gui/color-dialog.h" />
		<Unit filename="include/gui/common-document-windows.h" />
		<Unit filename="include/gui/common-tooltips.h" />
		<Unit filename="include/gui/control-painter.h" />
		<Unit filename="include/gui/document.h" />
		<Unit filename="include/gui/documents.h" />
		<Unit filename="include/gui/dragdrophandler.h" />
		<Unit filename="include/gui/font-dialog.h" />
		<Unit filename="include/gui/gtk/basic-gtk-widget.h">
			<Option target="Windows-GCC-Debug-x86-Gtk2" />
			<Option target="Windows-GCC-Debug-x86-Gtk3" />
			<Option target="Linux-GCC-Debug-x86" />
			<Option target="Linux-GCC-Debug-x86-Gtk3" />
			<Option target="Linux-GCC-Debug-x64" />
			<Option target="Linux-GCC-Debug-x64-Gtk3" />
			<Option target="Windows-GCC-Debug-x64-Gtk3" />
		</Unit>
		<Unit filename="include/gui/gtk/mgtk-attached-popup-window.h">
			<Option target="Windows-GCC-Debug-x86-Gtk2" />
			<Option target="Windows-GCC-Debug-x86-Gtk3" />
			<Option target="Windows-GCC-Debug-x64-Gtk3" />
			<Option target="Linux-GCC-Debug-x86-Gtk3" />
			<Option target="Linux-GCC-Debug-x64-Gtk3" />
			<Option target="Linux-GCC-Debug-x86" />
			<Option target="Linux-GCC-Debug-x64" />
		</Unit>
		<Unit filename="include/gui/gtk/mgtk-clipboard.h">
			<Option target="Windows-GCC-Debug-x86-Gtk2" />
			<Option target="Windows-GCC-Debug-x86-Gtk3" />
			<Option target="Linux-GCC-Debug-x86" />
			<Option target="Linux-GCC-Debug-x86-Gtk3" />
			<Option target="Linux-GCC-Debug-x64" />
			<Option target="Linux-GCC-Debug-x64-Gtk3" />
			<Option target="Windows-GCC-Debug-x64-Gtk3" />
		</Unit>
		<Unit filename="include/gui/gtk/mgtk-colordialog.h">
			<Option target="Windows-GCC-Debug-x86-Gtk2" />
			<Option target="Windows-GCC-Debug-x86-Gtk3" />
			<Option target="Linux-GCC-Debug-x86" />
			<Option target="Linux-GCC-Debug-x86-Gtk3" />
			<Option target="Linux-GCC-Debug-x64" />
			<Option target="Linux-GCC-Debug-x64-Gtk3" />
			<Option target="Windows-GCC-Debug-x64-Gtk3" />
		</Unit>
		<Unit filename="include/gui/gtk/mgtk-control-painter.h" />
		<Unit filename="include/gui/gtk/mgtk-cursors.h">
			<Option target="Windows-GCC-Debug-x86-Gtk2" />
			<Option target="Windows-GCC-Debug-x86-Gtk3" />
			<Option target="Linux-GCC-Debug-x86" />
			<Option target="Linux-GCC-Debug-x86-Gtk3" />
			<Option target="Linux-GCC-Debug-x64" />
			<Option target="Linux-GCC-Debug-x64-Gtk3" />
			<Option target="Windows-GCC-Debug-x64-Gtk3" />
		</Unit>
		<Unit filename="include/gui/gtk/mgtk-document-window.h">
			<Option target="Windows-GCC-Debug-x86-Gtk2" />
			<Option target="Windows-GCC-Debug-x86-Gtk3" />
			<Option target="Linux-GCC-Debug-x86" />
			<Option target="Linux-GCC-Debug-x86-Gtk3" />
			<Option target="Linux-GCC-Debug-x64" />
			<Option target="Linux-GCC-Debug-x64-Gtk3" />
			<Option target="Windows-GCC-Debug-x64-Gtk3" />
		</Unit>
		<Unit filename="include/gui/gtk/mgtk-dragdrophandler.h">
			<Option target="Windows-GCC-Debug-x86-Gtk2" />
			<Option target="Windows-GCC-Debug-x86-Gtk3" />
			<Option target="Windows-GCC-Debug-x64-Gtk3" />
			<Option target="Linux-GCC-Debug-x86" />
			<Option target="Linux-GCC-Debug-x64" />
			<Option target="Linux-GCC-Debug-x86-Gtk3" />
			<Option target="Linux-GCC-Debug-x64-Gtk3" />
		</Unit>
		<Unit filename="include/gui/gtk/mgtk-filedialog.h">
			<Option target="Windows-GCC-Debug-x86-Gtk2" />
			<Option target="Windows-GCC-Debug-x86-Gtk3" />
			<Option target="Linux-GCC-Debug-x86" />
			<Option target="Linux-GCC-Debug-x86-Gtk3" />
			<Option target="Linux-GCC-Debug-x64" />
			<Option target="Linux-GCC-Debug-x64-Gtk3" />
			<Option target="Windows-GCC-Debug-x64-Gtk3" />
		</Unit>
		<Unit filename="include/gui/gtk/mgtk-fontdialog.h">
			<Option target="Windows-GCC-Debug-x86-Gtk2" />
			<Option target="Windows-GCC-Debug-x86-Gtk3" />
			<Option target="Linux-GCC-Debug-x86" />
			<Option target="Linux-GCC-Debug-x86-Gtk3" />
			<Option target="Linux-GCC-Debug-x64" />
			<Option target="Linux-GCC-Debug-x64-Gtk3" />
			<Option target="Windows-GCC-Debug-x64-Gtk3" />
		</Unit>
		<Unit filename="include/gui/gtk/mgtk-icons.h">
			<Option target="Windows-GCC-Debug-x86-Gtk2" />
			<Option target="Windows-GCC-Debug-x86-Gtk3" />
			<Option target="Linux-GCC-Debug-x86" />
			<Option target="Linux-GCC-Debug-x86-Gtk3" />
			<Option target="Linux-GCC-Debug-x64" />
			<Option target="Linux-GCC-Debug-x64-Gtk3" />
			<Option target="Windows-GCC-Debug-x64-Gtk3" />
		</Unit>
		<Unit filename="include/gui/gtk/mgtk-menu-builder.h">
			<Option target="Windows-GCC-Debug-x86-Gtk2" />
			<Option target="Windows-GCC-Debug-x86-Gtk3" />
			<Option target="Linux-GCC-Debug-x86" />
			<Option target="Linux-GCC-Debug-x86-Gtk3" />
			<Option target="Linux-GCC-Debug-x64" />
			<Option target="Linux-GCC-Debug-x64-Gtk3" />
			<Option target="Windows-GCC-Debug-x64-Gtk3" />
		</Unit>
		<Unit filename="include/gui/gtk/mgtk-messagebox.h">
			<Option target="Windows-GCC-Debug-x86-Gtk2" />
			<Option target="Windows-GCC-Debug-x86-Gtk3" />
			<Option target="Windows-GCC-Debug-x64-Gtk3" />
			<Option target="Linux-GCC-Debug-x86-Gtk3" />
			<Option target="Linux-GCC-Debug-x64-Gtk3" />
		</Unit>
		<Unit filename="include/gui/gtk/mgtk-recent-documents.h">
			<Option target="Windows-GCC-Debug-x86-Gtk2" />
			<Option target="Windows-GCC-Debug-x86-Gtk3" />
			<Option target="Windows-GCC-Debug-x64-Gtk3" />
			<Option target="Linux-GCC-Debug-x86" />
			<Option target="Linux-GCC-Debug-x64" />
			<Option target="Linux-GCC-Debug-x86-Gtk3" />
			<Option target="Linux-GCC-Debug-x64-Gtk3" />
		</Unit>
		<Unit filename="include/gui/gtk/mgtk-tooltip-window.h">
			<Option target="Windows-GCC-Debug-x86-Gtk2" />
			<Option target="Windows-GCC-Debug-x86-Gtk3" />
			<Option target="Linux-GCC-Debug-x86" />
			<Option target="Linux-GCC-Debug-x86-Gtk3" />
			<Option target="Linux-GCC-Debug-x64" />
			<Option target="Linux-GCC-Debug-x64-Gtk3" />
			<Option target="Windows-GCC-Debug-x64-Gtk3" />
		</Unit>
		<Unit filename="include/gui/gtk/mgtk-widget.h">
			<Option target="Windows-GCC-Debug-x86-Gtk2" />
			<Option target="Windows-GCC-Debug-x86-Gtk3" />
			<Option target="Linux-GCC-Debug-x86" />
			<Option target="Linux-GCC-Debug-x86-Gtk3" />
			<Option target="Linux-GCC-Debug-x64" />
			<Option target="Linux-GCC-Debug-x64-Gtk3" />
			<Option target="Windows-GCC-Debug-x64-Gtk3" />
		</Unit>
		<Unit filename="include/gui/menus.h" />
		<Unit filename="include/gui/messagebox.h" />
		<Unit filename="include/gui/native-widget.h" />
		<Unit filename="include/gui/recent-documents.h" />
		<Unit filename="include/gui/win32/api/stylusutil.h">
			<Option target="Windows-GCC-Debug-x86" />
			<Option target="Windows-GCC-Debug-x86-Freetype" />
			<Option target="Windows-GCC-Release-x86" />
			<Option target="Windows-MSVC-Debug-x86" />
			<Option target="Windows-MSVC-Release-x86" />
			<Option target="Windows-MSVC-Debug-x64" />
			<Option target="Windows-MSVC-Release-x64" />
		</Unit>
		<Unit filename="include/gui/win32/api/win32-hd-trackpad.h">
			<Option target="Windows-GCC-Debug-x86" />
			<Option target="Windows-GCC-Debug-x86-Freetype" />
			<Option target="Windows-GCC-Release-x86" />
			<Option target="Windows-MSVC-Debug-x86" />
			<Option target="Windows-MSVC-Release-x86" />
			<Option target="Windows-MSVC-Debug-x64" />
			<Option target="Windows-MSVC-Release-x64" />
		</Unit>
		<Unit filename="include/gui/win32/api/win32-highdpi.h">
			<Option target="Windows-GCC-Debug-x86" />
			<Option target="Windows-GCC-Debug-x86-Freetype" />
			<Option target="Windows-GCC-Release-x86" />
			<Option target="Windows-MSVC-Debug-x86" />
			<Option target="Windows-MSVC-Release-x86" />
			<Option target="Windows-MSVC-Debug-x64" />
			<Option target="Windows-MSVC-Release-x64" />
		</Unit>
		<Unit filename="include/gui/win32/api/win32-themes.h">
			<Option target="Windows-GCC-Debug-x86" />
			<Option target="Windows-GCC-Debug-x86-Freetype" />
			<Option target="Windows-GCC-Release-x86" />
			<Option target="Windows-MSVC-Debug-x86" />
			<Option target="Windows-MSVC-Release-x86" />
			<Option target="Windows-MSVC-Debug-x64" />
			<Option target="Windows-MSVC-Release-x64" />
		</Unit>
		<Unit filename="include/gui/win32/api/win32-touch.h">
			<Option target="Windows-GCC-Debug-x86" />
			<Option target="Windows-GCC-Debug-x86-Freetype" />
			<Option target="Windows-GCC-Release-x86" />
			<Option target="Windows-MSVC-Debug-x86" />
			<Option target="Windows-MSVC-Release-x86" />
			<Option target="Windows-MSVC-Debug-x64" />
			<Option target="Windows-MSVC-Release-x64" />
		</Unit>
		<Unit filename="include/gui/win32/basic-win32-widget.h">
			<Option target="Windows-GCC-Debug-x86" />
			<Option target="Windows-GCC-Debug-x86-Freetype" />
			<Option target="Windows-GCC-Release-x86" />
			<Option target="Windows-MSVC-Debug-x86" />
			<Option target="Windows-MSVC-Release-x86" />
			<Option target="Windows-MSVC-Debug-x64" />
			<Option target="Windows-MSVC-Release-x64" />
		</Unit>
		<Unit filename="include/gui/win32/basic-win32-window.h">
			<Option target="Windows-GCC-Debug-x86" />
			<Option target="Windows-GCC-Debug-x86-Freetype" />
			<Option target="Windows-GCC-Release-x86" />
			<Option target="Windows-MSVC-Debug-x86" />
			<Option target="Windows-MSVC-Release-x86" />
			<Option target="Windows-MSVC-Debug-x64" />
			<Option target="Windows-MSVC-Release-x64" />
		</Unit>
		<Unit filename="include/gui/win32/menus/win32-automenuhook.h">
			<Option target="Windows-GCC-Debug-x86" />
			<Option target="Windows-GCC-Debug-x86-Freetype" />
			<Option target="Windows-GCC-Release-x86" />
			<Option target="Windows-MSVC-Debug-x86" />
			<Option target="Windows-MSVC-Release-x86" />
			<Option target="Windows-MSVC-Debug-x64" />
			<Option target="Windows-MSVC-Release-x64" />
		</Unit>
		<Unit filename="include/gui/win32/menus/win32-custom-menu-overlay.h">
			<Option target="Windows-GCC-Debug-x86" />
			<Option target="Windows-GCC-Debug-x86-Freetype" />
			<Option target="Windows-GCC-Release-x86" />
			<Option target="Windows-MSVC-Debug-x86" />
			<Option target="Windows-MSVC-Release-x86" />
			<Option target="Windows-MSVC-Debug-x64" />
			<Option target="Windows-MSVC-Release-x64" />
		</Unit>
		<Unit filename="include/gui/win32/menus/win32-menu-gutter-slider.h">
			<Option target="Windows-GCC-Debug-x86" />
			<Option target="Windows-GCC-Debug-x86-Freetype" />
			<Option target="Windows-GCC-Release-x86" />
			<Option target="Windows-MSVC-Debug-x86" />
			<Option target="Windows-MSVC-Release-x86" />
			<Option target="Windows-MSVC-Debug-x64" />
			<Option target="Windows-MSVC-Release-x64" />
		</Unit>
		<Unit filename="include/gui/win32/menus/win32-menu-item-overlays.h">
			<Option target="Windows-GCC-Debug-x86" />
			<Option target="Windows-GCC-Debug-x86-Freetype" />
			<Option target="Windows-GCC-Release-x86" />
			<Option target="Windows-MSVC-Debug-x86" />
			<Option target="Windows-MSVC-Release-x86" />
			<Option target="Windows-MSVC-Debug-x64" />
			<Option target="Windows-MSVC-Release-x64" />
		</Unit>
		<Unit filename="include/gui/win32/menus/win32-menu-search-overlay.h">
			<Option target="Windows-GCC-Debug-x86" />
			<Option target="Windows-GCC-Debug-x86-Freetype" />
			<Option target="Windows-GCC-Release-x86" />
			<Option target="Windows-MSVC-Debug-x86" />
			<Option target="Windows-MSVC-Release-x86" />
			<Option target="Windows-MSVC-Debug-x64" />
			<Option target="Windows-MSVC-Release-x64" />
		</Unit>
		<Unit filename="include/gui/win32/menus/win32-menu.h">
			<Option target="Windows-GCC-Debug-x86" />
			<Option target="Windows-GCC-Debug-x86-Freetype" />
			<Option target="Windows-GCC-Release-x86" />
			<Option target="Windows-MSVC-Debug-x86" />
			<Option target="Windows-MSVC-Release-x86" />
			<Option target="Windows-MSVC-Debug-x64" />
			<Option target="Windows-MSVC-Release-x64" />
		</Unit>
		<Unit filename="include/gui/win32/menus/win32-menubar.h">
			<Option target="Windows-GCC-Debug-x86" />
			<Option target="Windows-GCC-Debug-x86-Freetype" />
			<Option target="Windows-GCC-Release-x86" />
			<Option target="Windows-MSVC-Debug-x86" />
			<Option target="Windows-MSVC-Release-x86" />
			<Option target="Windows-MSVC-Debug-x64" />
			<Option target="Windows-MSVC-Release-x64" />
		</Unit>
		<Unit filename="include/gui/win32/ole/combase.h">
			<Option target="Windows-GCC-Debug-x86" />
			<Option target="Windows-GCC-Debug-x86-Freetype" />
			<Option target="Windows-GCC-Release-x86" />
			<Option target="Windows-MSVC-Debug-x86" />
			<Option target="Windows-MSVC-Release-x86" />
			<Option target="Windows-MSVC-Debug-x64" />
			<Option target="Windows-MSVC-Release-x64" />
		</Unit>
		<Unit filename="include/gui/win32/ole/dataobject.h">
			<Option target="Windows-GCC-Debug-x86" />
			<Option target="Windows-GCC-Debug-x86-Freetype" />
			<Option target="Windows-GCC-Release-x86" />
			<Option target="Windows-MSVC-Debug-x86" />
			<Option target="Windows-MSVC-Release-x86" />
			<Option target="Windows-MSVC-Debug-x64" />
			<Option target="Windows-MSVC-Release-x64" />
		</Unit>
		<Unit filename="include/gui/win32/ole/dropsource.h">
			<Option target="Windows-GCC-Debug-x86" />
			<Option target="Windows-GCC-Debug-x86-Freetype" />
			<Option target="Windows-GCC-Release-x86" />
			<Option target="Windows-MSVC-Debug-x86" />
			<Option target="Windows-MSVC-Release-x86" />
			<Option target="Windows-MSVC-Debug-x64" />
			<Option target="Windows-MSVC-Release-x64" />
		</Unit>
		<Unit filename="include/gui/win32/ole/droptarget.h">
			<Option target="Windows-GCC-Debug-x86" />
			<Option target="Windows-GCC-Debug-x86-Freetype" />
			<Option target="Windows-GCC-Release-x86" />
			<Option target="Windows-MSVC-Debug-x86" />
			<Option target="Windows-MSVC-Release-x86" />
			<Option target="Windows-MSVC-Debug-x64" />
			<Option target="Windows-MSVC-Release-x64" />
		</Unit>
		<Unit filename="include/gui/win32/ole/enumformatetc.h">
			<Option target="Windows-GCC-Debug-x86" />
			<Option target="Windows-GCC-Debug-x86-Freetype" />
			<Option target="Windows-GCC-Release-x86" />
			<Option target="Windows-MSVC-Debug-x86" />
			<Option target="Windows-MSVC-Release-x86" />
			<Option target="Windows-MSVC-Debug-x64" />
			<Option target="Windows-MSVC-Release-x64" />
		</Unit>
		<Unit filename="include/gui/win32/ole/filesystembinddata.h">
			<Option target="Windows-GCC-Debug-x86" />
			<Option target="Windows-GCC-Debug-x86-Freetype" />
			<Option target="Windows-GCC-Release-x86" />
			<Option target="Windows-MSVC-Debug-x86" />
			<Option target="Windows-MSVC-Release-x86" />
			<Option target="Windows-MSVC-Debug-x64" />
			<Option target="Windows-MSVC-Release-x64" />
		</Unit>
		<Unit filename="include/gui/win32/ole/propvar.h">
			<Option target="Windows-GCC-Debug-x86" />
			<Option target="Windows-GCC-Debug-x86-Freetype" />
			<Option target="Windows-GCC-Release-x86" />
			<Option target="Windows-MSVC-Debug-x86" />
			<Option target="Windows-MSVC-Release-x86" />
			<Option target="Windows-MSVC-Debug-x64" />
			<Option target="Windows-MSVC-Release-x64" />
		</Unit>
		<Unit filename="include/gui/win32/ole/virtual-desktops.h">
			<Option target="Windows-GCC-Debug-x86" />
			<Option target="Windows-GCC-Debug-x86-Freetype" />
			<Option target="Windows-GCC-Release-x86" />
			<Option target="Windows-MSVC-Debug-x86" />
			<Option target="Windows-MSVC-Release-x86" />
			<Option target="Windows-MSVC-Debug-x64" />
			<Option target="Windows-MSVC-Release-x64" />
		</Unit>
		<Unit filename="include/gui/win32/win32-attached-popup-window.h">
			<Option target="Windows-GCC-Debug-x86" />
			<Option target="Windows-GCC-Debug-x86-Freetype" />
			<Option target="Windows-GCC-Release-x86" />
			<Option target="Windows-MSVC-Debug-x86" />
			<Option target="Windows-MSVC-Release-x86" />
			<Option target="Windows-MSVC-Debug-x64" />
			<Option target="Windows-MSVC-Release-x64" />
		</Unit>
		<Unit filename="include/gui/win32/win32-clipboard.h">
			<Option target="Windows-GCC-Debug-x86" />
			<Option target="Windows-GCC-Debug-x86-Freetype" />
			<Option target="Windows-GCC-Release-x86" />
			<Option target="Windows-MSVC-Debug-x86" />
			<Option target="Windows-MSVC-Release-x86" />
			<Option target="Windows-MSVC-Debug-x64" />
			<Option target="Windows-MSVC-Release-x64" />
		</Unit>
		<Unit filename="include/gui/win32/win32-colordialog.h">
			<Option target="Windows-GCC-Debug-x86" />
			<Option target="Windows-GCC-Debug-x86-Freetype" />
			<Option target="Windows-GCC-Release-x86" />
			<Option target="Windows-MSVC-Debug-x86" />
			<Option target="Windows-MSVC-Release-x86" />
			<Option target="Windows-MSVC-Debug-x64" />
			<Option target="Windows-MSVC-Release-x64" />
		</Unit>
		<Unit filename="include/gui/win32/win32-control-painter.h">
			<Option target="Windows-GCC-Debug-x86" />
			<Option target="Windows-GCC-Debug-x86-Freetype" />
			<Option target="Windows-GCC-Release-x86" />
			<Option target="Windows-MSVC-Debug-x86" />
			<Option target="Windows-MSVC-Release-x86" />
			<Option target="Windows-MSVC-Debug-x64" />
			<Option target="Windows-MSVC-Release-x64" />
		</Unit>
		<Unit filename="include/gui/win32/win32-document-window.h">
			<Option target="Windows-GCC-Debug-x86" />
			<Option target="Windows-GCC-Debug-x86-Freetype" />
			<Option target="Windows-GCC-Release-x86" />
			<Option target="Windows-MSVC-Debug-x86" />
			<Option target="Windows-MSVC-Release-x86" />
			<Option target="Windows-MSVC-Debug-x64" />
			<Option target="Windows-MSVC-Release-x64" />
		</Unit>
		<Unit filename="include/gui/win32/win32-dragdrophandler.h">
			<Option target="Windows-GCC-Debug-x86" />
			<Option target="Windows-GCC-Debug-x86-Freetype" />
			<Option target="Windows-GCC-Release-x86" />
			<Option target="Windows-MSVC-Debug-x86" />
			<Option target="Windows-MSVC-Release-x86" />
			<Option target="Windows-MSVC-Debug-x64" />
			<Option target="Windows-MSVC-Release-x64" />
		</Unit>
		<Unit filename="include/gui/win32/win32-filedialog.h">
			<Option target="Windows-GCC-Debug-x86" />
			<Option target="Windows-GCC-Debug-x86-Freetype" />
			<Option target="Windows-GCC-Release-x86" />
			<Option target="Windows-MSVC-Debug-x86" />
			<Option target="Windows-MSVC-Release-x86" />
			<Option target="Windows-MSVC-Debug-x64" />
			<Option target="Windows-MSVC-Release-x64" />
		</Unit>
		<Unit filename="include/gui/win32/win32-fontdialog.h">
			<Option target="Windows-GCC-Debug-x86" />
			<Option target="Windows-GCC-Debug-x86-Freetype" />
			<Option target="Windows-GCC-Release-x86" />
			<Option target="Windows-MSVC-Debug-x86" />
			<Option target="Windows-MSVC-Release-x86" />
			<Option target="Windows-MSVC-Debug-x64" />
			<Option target="Windows-MSVC-Release-x64" />
		</Unit>
		<Unit filename="include/gui/win32/win32-messagebox.h">
			<Option target="Windows-GCC-Debug-x86" />
			<Option target="Windows-GCC-Debug-x86-Freetype" />
			<Option target="Windows-GCC-Release-x86" />
			<Option target="Windows-MSVC-Debug-x86" />
			<Option target="Windows-MSVC-Release-x86" />
			<Option target="Windows-MSVC-Debug-x64" />
			<Option target="Windows-MSVC-Release-x64" />
		</Unit>
		<Unit filename="include/gui/win32/win32-recent-documents.h">
			<Option target="Windows-GCC-Debug-x86" />
			<Option target="Windows-GCC-Debug-x86-Freetype" />
			<Option target="Windows-GCC-Release-x86" />
			<Option target="Windows-MSVC-Debug-x86" />
			<Option target="Windows-MSVC-Release-x86" />
			<Option target="Windows-MSVC-Debug-x64" />
			<Option target="Windows-MSVC-Release-x64" />
		</Unit>
		<Unit filename="include/gui/win32/win32-scrollbar-overlay.h">
			<Option target="Windows-GCC-Debug-x86" />
			<Option target="Windows-GCC-Debug-x86-Freetype" />
			<Option target="Windows-GCC-Release-x86" />
			<Option target="Windows-MSVC-Debug-x86" />
			<Option target="Windows-MSVC-Release-x86" />
			<Option target="Windows-MSVC-Debug-x64" />
			<Option target="Windows-MSVC-Release-x64" />
		</Unit>
		<Unit filename="include/gui/win32/win32-tooltip-window.h">
			<Option target="Windows-GCC-Debug-x86" />
			<Option target="Windows-GCC-Debug-x86-Freetype" />
			<Option target="Windows-GCC-Release-x86" />
			<Option target="Windows-MSVC-Debug-x86" />
			<Option target="Windows-MSVC-Release-x86" />
			<Option target="Windows-MSVC-Debug-x64" />
			<Option target="Windows-MSVC-Release-x64" />
		</Unit>
		<Unit filename="include/gui/win32/win32-widget.h">
			<Option target="Windows-GCC-Debug-x86" />
			<Option target="Windows-GCC-Debug-x86-Freetype" />
			<Option target="Windows-GCC-Release-x86" />
			<Option target="Windows-MSVC-Debug-x86" />
			<Option target="Windows-MSVC-Release-x86" />
			<Option target="Windows-MSVC-Debug-x64" />
			<Option target="Windows-MSVC-Release-x64" />
		</Unit>
		<Unit filename="include/syntax/autocompletion.h" />
		<Unit filename="include/syntax/scope-colorizer.h" />
		<Unit filename="include/syntax/spanexpr.h" />
		<Unit filename="include/syntax/syntax-state.h" />
		<Unit filename="include/util/array.h" />
		<Unit filename="include/util/autovaluereset.h" />
		<Unit filename="include/util/base.h" />
		<Unit filename="include/util/concurrent-queue.h" />
		<Unit filename="include/util/double-matrix.h" />
		<Unit filename="include/util/filesystem.h" />
		<Unit filename="include/util/frontendobject.h" />
		<Unit filename="include/util/hashtable.h" />
		<Unit filename="include/util/matrix.h" />
		<Unit filename="include/util/pmath-extra.h" />
		<Unit filename="include/util/selection-tracking.h" />
		<Unit filename="include/util/selections.h" />
		<Unit filename="include/util/sharedptr.h" />
		<Unit filename="include/util/style.h" />
		<Unit filename="include/util/styled-object.h" />
		<Unit filename="include/util/tintedptr.h" />
		<Unit filename="resources/Windows.manifest">
			<Option target="Windows-GCC-Debug-x86" />
			<Option target="Windows-GCC-Debug-x86-Freetype" />
			<Option target="Windows-GCC-Debug-x86-Gtk2" />
			<Option target="Windows-GCC-Debug-x86-Gtk3" />
			<Option target="Windows-GCC-Release-x86" />
			<Option target="Windows-GCC-Debug-x64-Gtk3" />
			<Option target="Windows-MSVC-Debug-x86" />
			<Option target="Windows-MSVC-Release-x86" />
			<Option target="Windows-MSVC-Debug-x64" />
			<Option target="Windows-MSVC-Release-x64" />
		</Unit>
		<Unit filename="resources/resources.h">
			<Option target="Windows-GCC-Debug-x86" />
			<Option target="Windows-GCC-Debug-x86-Freetype" />
			<Option target="Windows-GCC-Release-x86" />
			<Option target="Windows-MSVC-Debug-x86" />
			<Option target="Windows-MSVC-Release-x86" />
			<Option target="Windows-MSVC-Debug-x64" />
			<Option target="Windows-MSVC-Release-x64" />
		</Unit>
		<Unit filename="resources/richmath.rc">
			<Option compilerVar="WINDRES" />
			<Option target="Windows-GCC-Debug-x86" />
			<Option target="Windows-GCC-Debug-x86-Freetype" />
			<Option target="Windows-GCC-Release-x86" />
			<Option target="Windows-MSVC-Debug-x86" />
			<Option target="Windows-MSVC-Release-x86" />
			<Option target="Windows-MSVC-Debug-x64" />
			<Option target="Windows-MSVC-Release-x64" />
		</Unit>
		<Unit filename="scripts/frontinit.pmath" />
		<Unit filename="src/boxes/box.cpp" />
		<Unit filename="src/boxes/buttonbox.cpp" />
		<Unit filename="src/boxes/checkboxbox.cpp" />
		<Unit filename="src/boxes/containerwidgetbox.cpp" />
		<Unit filename="src/boxes/dynamicbox.cpp" />
		<Unit filename="src/boxes/dynamiclocalbox.cpp" />
		<Unit filename="src/boxes/emptywidgetbox.cpp" />
		<Unit filename="src/boxes/errorbox.cpp" />
		<Unit filename="src/boxes/fillbox.cpp" />
		<Unit filename="src/boxes/fractionbox.cpp" />
		<Unit filename="src/boxes/framebox.cpp" />
		<Unit filename="src/boxes/graphics/axisticks.cpp" />
		<Unit filename="src/boxes/graphics/graphicsbox.cpp" />
		<Unit filename="src/boxes/graphics/graphicsdirective.cpp" />
		<Unit filename="src/boxes/graphics/graphicselement.cpp" />
		<Unit filename="src/boxes/graphics/linebox.cpp" />
		<Unit filename="src/boxes/graphics/pointbox.cpp" />
		<Unit filename="src/boxes/gridbox.cpp" />
		<Unit filename="src/boxes/inputfieldbox.cpp" />
		<Unit filename="src/boxes/interpretationbox.cpp" />
		<Unit filename="src/boxes/mathsequence.cpp" />
		<Unit filename="src/boxes/numberbox.cpp" />
		<Unit filename="src/boxes/openerbox.cpp" />
		<Unit filename="src/boxes/ownerbox.cpp" />
		<Unit filename="src/boxes/panebox.cpp" />
		<Unit filename="src/boxes/panelbox.cpp" />
		<Unit filename="src/boxes/paneselectorbox.cpp" />
		<Unit filename="src/boxes/progressindicatorbox.cpp" />
		<Unit filename="src/boxes/radicalbox.cpp" />
		<Unit filename="src/boxes/radiobuttonbox.cpp" />
		<Unit filename="src/boxes/section.cpp" />
		<Unit filename="src/boxes/sectionlist.cpp" />
		<Unit filename="src/boxes/sectionornament.cpp" />
		<Unit filename="src/boxes/setterbox.cpp" />
		<Unit filename="src/boxes/sliderbox.cpp" />
		<Unit filename="src/boxes/stylebox.cpp" />
		<Unit filename="src/boxes/subsuperscriptbox.cpp" />
		<Unit filename="src/boxes/templatebox.cpp" />
		<Unit filename="src/boxes/textsequence.cpp" />
		<Unit filename="src/boxes/tooltipbox.cpp" />
		<Unit filename="src/boxes/transformationbox.cpp" />
		<Unit filename="src/boxes/underoverscriptbox.cpp" />
		<Unit filename="src/eval/application.cpp" />
		<Unit filename="src/eval/binding.cpp" />
		<Unit filename="src/eval/cubic-bezier-easing-function.cpp" />
		<Unit filename="src/eval/current-value.cpp" />
		<Unit filename="src/eval/dynamic.cpp" />
		<Unit filename="src/eval/eval-contexts.cpp" />
		<Unit filename="src/eval/interpolation.cpp" />
		<Unit filename="src/eval/job.cpp" />
		<Unit filename="src/eval/kernel-execute.cpp" />
		<Unit filename="src/eval/observable.cpp" />
		<Unit filename="src/eval/option-functions.cpp" />
		<Unit filename="src/eval/partial-dynamic.cpp" />
		<Unit filename="src/eval/server.cpp" />
		<Unit filename="src/eval/strings.inc" />
		<Unit filename="src/eval/symbols.inc" />
		<Unit filename="src/eval/system-open-directory.cpp" />
		<Unit filename="src/eval/system-open.cpp" />
		<Unit filename="src/graphics/animation.cpp" />
		<Unit filename="src/graphics/buffer.cpp" />
		<Unit filename="src/graphics/cairostream.cpp" />
		<Unit filename="src/graphics/canvas.cpp" />
		<Unit filename="src/graphics/color.cpp" />
		<Unit filename="src/graphics/config-shaper.cpp" />
		<Unit filename="src/graphics/context.cpp" />
		<Unit filename="src/graphics/fonts.cpp" />
		<Unit filename="src/graphics/ft-shaper.cpp" />
		<Unit filename="src/graphics/glyphs.cpp" />
		<Unit filename="src/graphics/ot-font-reshaper.cpp" />
		<Unit filename="src/graphics/ot-math-shaper.cpp" />
		<Unit filename="src/graphics/paint-hook.cpp" />
		<Unit filename="src/graphics/rectangle.cpp" />
		<Unit filename="src/graphics/shapers.cpp" />
		<Unit filename="src/graphics/syntax-styles.cpp" />
		<Unit filename="src/graphics/win32-shaper.cpp">
			<Option target="Windows-GCC-Debug-x86" />
			<Option target="Windows-GCC-Debug-x86-Freetype" />
			<Option target="Windows-GCC-Release-x86" />
			<Option target="Windows-MSVC-Debug-x86" />
			<Option target="Windows-MSVC-Release-x86" />
			<Option target="Windows-MSVC-Debug-x64" />
			<Option target="Windows-MSVC-Release-x64" />
		</Unit>
		<Unit filename="src/gui/clipboard.cpp" />
		<Unit filename="src/gui/color-dialog.cpp" />
		<Unit filename="src/gui/common-document-windows.cpp" />
		<Unit filename="src/gui/common-tooltips.cpp" />
		<Unit filename="src/gui/control-painter.cpp" />
		<Unit filename="src/gui/document.cpp" />
		<Unit filename="src/gui/documents.cpp" />
		<Unit filename="src/gui/dragdrophandler.cpp" />
		<Unit filename="src/gui/font-dialog.cpp" />
		<Unit filename="src/gui/gtk/basic-gtk-widget.cpp">
			<Option target="Windows-GCC-Debug-x86-Gtk2" />
			<Option target="Windows-GCC-Debug-x86-Gtk3" />
			<Option target="Linux-GCC-Debug-x86" />
			<Option target="Linux-GCC-Debug-x86-Gtk3" />
			<Option target="Linux-GCC-Debug-x64" />
			<Option target="Linux-GCC-Debug-x64-Gtk3" />
			<Option target="Windows-GCC-Debug-x64-Gtk3" />
		</Unit>
		<Unit filename="src/gui/gtk/mgtk-attached-popup-window.cpp">
			<Option target="Windows-GCC-Debug-x86-Gtk2" />
			<Option target="Windows-GCC-Debug-x86-Gtk3" />
			<Option target="Windows-GCC-Debug-x64-Gtk3" />
			<Option target="Linux-GCC-Debug-x86-Gtk3" />
			<Option target="Linux-GCC-Debug-x64-Gtk3" />
			<Option target="Linux-GCC-Debug-x86" />
			<Option target="Linux-GCC-Debug-x64" />
		</Unit>
		<Unit filename="src/gui/gtk/mgtk-clipboard.cpp">
			<Option target="Windows-GCC-Debug-x86-Gtk2" />
			<Option target="Windows-GCC-Debug-x86-Gtk3" />
			<Option target="Linux-GCC-Debug-x86" />
			<Option target="Linux-GCC-Debug-x86-Gtk3" />
			<Option target="Linux-GCC-Debug-x64" />
			<Option target="Linux-GCC-Debug-x64-Gtk3" />
			<Option target="Windows-GCC-Debug-x64-Gtk3" />
		</Unit>
		<Unit filename="src/gui/gtk/mgtk-colordialog.cpp">
			<Option target="Windows-GCC-Debug-x86-Gtk2" />
			<Option target="Windows-GCC-Debug-x86-Gtk3" />
			<Option target="Linux-GCC-Debug-x86" />
			<Option target="Linux-GCC-Debug-x86-Gtk3" />
			<Option target="Linux-GCC-Debug-x64" />
			<Option target="Linux-GCC-Debug-x64-Gtk3" />
			<Option target="Windows-GCC-Debug-x64-Gtk3" />
		</Unit>
		<Unit filename="src/gui/gtk/mgtk-control-painter.cpp">
			<Option target="Windows-GCC-Debug-x86-Gtk2" />
			<Option target="Windows-GCC-Debug-x86-Gtk3" />
			<Option target="Linux-GCC-Debug-x86" />
			<Option target="Linux-GCC-Debug-x86-Gtk3" />
			<Option target="Linux-GCC-Debug-x64" />
			<Option target="Linux-GCC-Debug-x64-Gtk3" />
			<Option target="Windows-GCC-Debug-x64-Gtk3" />
		</Unit>
		<Unit filename="src/gui/gtk/mgtk-cursors.cpp">
			<Option target="Windows-GCC-Debug-x86-Gtk2" />
			<Option target="Windows-GCC-Debug-x86-Gtk3" />
			<Option target="Linux-GCC-Debug-x86" />
			<Option target="Linux-GCC-Debug-x86-Gtk3" />
			<Option target="Linux-GCC-Debug-x64" />
			<Option target="Linux-GCC-Debug-x64-Gtk3" />
			<Option target="Windows-GCC-Debug-x64-Gtk3" />
		</Unit>
		<Unit filename="src/gui/gtk/mgtk-document-window.cpp">
			<Option target="Windows-GCC-Debug-x86-Gtk2" />
			<Option target="Windows-GCC-Debug-x86-Gtk3" />
			<Option target="Linux-GCC-Debug-x86" />
			<Option target="Linux-GCC-Debug-x86-Gtk3" />
			<Option target="Linux-GCC-Debug-x64" />
			<Option target="Linux-GCC-Debug-x64-Gtk3" />
			<Option target="Windows-GCC-Debug-x64-Gtk3" />
		</Unit>
		<Unit filename="src/gui/gtk/mgtk-dragdrophandler.cpp">
			<Option target="Windows-GCC-Debug-x86-Gtk2" />
			<Option target="Windows-GCC-Debug-x86-Gtk3" />
			<Option target="Windows-GCC-Debug-x64-Gtk3" />
			<Option target="Linux-GCC-Debug-x86" />
			<Option target="Linux-GCC-Debug-x64" />
			<Option target="Linux-GCC-Debug-x86-Gtk3" />
			<Option target="Linux-GCC-Debug-x64-Gtk3" />
		</Unit>
		<Unit filename="src/gui/gtk/mgtk-filedialog.cpp">
			<Option target="Windows-GCC-Debug-x86-Gtk2" />
			<Option target="Windows-GCC-Debug-x86-Gtk3" />
			<Option target="Linux-GCC-Debug-x86" />
			<Option target="Linux-GCC-Debug-x86-Gtk3" />
			<Option target="Linux-GCC-Debug-x64" />
			<Option target="Linux-GCC-Debug-x64-Gtk3" />
			<Option target="Windows-GCC-Debug-x64-Gtk3" />
		</Unit>
		<Unit filename="src/gui/gtk/mgtk-fontdialog.cpp">
			<Option target="Windows-GCC-Debug-x86-Gtk2" />
			<Option target="Windows-GCC-Debug-x86-Gtk3" />
			<Option target="Linux-GCC-Debug-x86" />
			<Option target="Linux-GCC-Debug-x86-Gtk3" />
			<Option target="Linux-GCC-Debug-x64" />
			<Option target="Linux-GCC-Debug-x64-Gtk3" />
			<Option target="Windows-GCC-Debug-x64-Gtk3" />
		</Unit>
		<Unit filename="src/gui/gtk/mgtk-icons.cpp">
			<Option target="Windows-GCC-Debug-x86-Gtk2" />
			<Option target="Windows-GCC-Debug-x86-Gtk3" />
			<Option target="Linux-GCC-Debug-x86" />
			<Option target="Linux-GCC-Debug-x86-Gtk3" />
			<Option target="Linux-GCC-Debug-x64" />
			<Option target="Linux-GCC-Debug-x64-Gtk3" />
			<Option target="Windows-GCC-Debug-x64-Gtk3" />
		</Unit>
		<Unit filename="src/gui/gtk/mgtk-menu-builder.cpp">
			<Option target="Windows-GCC-Debug-x86-Gtk2" />
			<Option target="Windows-GCC-Debug-x86-Gtk3" />
			<Option target="Linux-GCC-Debug-x86" />
			<Option target="Linux-GCC-Debug-x86-Gtk3" />
			<Option target="Linux-GCC-Debug-x64" />
			<Option target="Linux-GCC-Debug-x64-Gtk3" />
			<Option target="Windows-GCC-Debug-x64-Gtk3" />
		</Unit>
		<Unit filename="src/gui/gtk/mgtk-messagebox.cpp">
			<Option target="Windows-GCC-Debug-x86-Gtk2" />
			<Option target="Windows-GCC-Debug-x86-Gtk3" />
			<Option target="Windows-GCC-Debug-x64-Gtk3" />
			<Option target="Linux-GCC-Debug-x86-Gtk3" />
			<Option target="Linux-GCC-Debug-x64-Gtk3" />
			<Option target="Linux-GCC-Debug-x86" />
			<Option target="Linux-GCC-Debug-x64" />
		</Unit>
		<Unit filename="src/gui/gtk/mgtk-recent-documents.cpp">
			<Option target="Windows-GCC-Debug-x86-Gtk2" />
			<Option target="Windows-GCC-Debug-x86-Gtk3" />
			<Option target="Windows-GCC-Debug-x64-Gtk3" />
			<Option target="Linux-GCC-Debug-x86" />
			<Option target="Linux-GCC-Debug-x64" />
			<Option target="Linux-GCC-Debug-x86-Gtk3" />
			<Option target="Linux-GCC-Debug-x64-Gtk3" />
		</Unit>
		<Unit filename="src/gui/gtk/mgtk-tooltip-window.cpp">
			<Option target="Windows-GCC-Debug-x86-Gtk2" />
			<Option target="Windows-GCC-Debug-x86-Gtk3" />
			<Option target="Linux-GCC-Debug-x86" />
			<Option target="Linux-GCC-Debug-x86-Gtk3" />
			<Option target="Linux-GCC-Debug-x64" />
			<Option target="Linux-GCC-Debug-x64-Gtk3" />
			<Option target="Windows-GCC-Debug-x64-Gtk3" />
		</Unit>
		<Unit filename="src/gui/gtk/mgtk-widget.cpp">
			<Option target="Windows-GCC-Debug-x86-Gtk2" />
			<Option target="Windows-GCC-Debug-x86-Gtk3" />
			<Option target="Linux-GCC-Debug-x86" />
			<Option target="Linux-GCC-Debug-x86-Gtk3" />
			<Option target="Linux-GCC-Debug-x64" />
			<Option target="Linux-GCC-Debug-x64-Gtk3" />
			<Option target="Windows-GCC-Debug-x64-Gtk3" />
		</Unit>
		<Unit filename="src/gui/menus.cpp" />
		<Unit filename="src/gui/messagebox.cpp" />
		<Unit filename="src/gui/native-widget.cpp" />
		<Unit filename="src/gui/recent-documents.cpp" />
		<Unit filename="src/gui/win32/api/stylusutil.cpp">
			<Option target="Windows-GCC-Debug-x86" />
			<Option target="Windows-GCC-Debug-x86-Freetype" />
			<Option target="Windows-GCC-Release-x86" />
			<Option target="Windows-MSVC-Debug-x86" />
			<Option target="Windows-MSVC-Release-x86" />
			<Option target="Windows-MSVC-Debug-x64" />
			<Option target="Windows-MSVC-Release-x64" />
		</Unit>
		<Unit filename="src/gui/win32/api/win32-hd-trackpad.cpp">
			<Option target="Windows-GCC-Debug-x86" />
			<Option target="Windows-GCC-Debug-x86-Freetype" />
			<Option target="Windows-GCC-Release-x86" />
			<Option target="Windows-MSVC-Debug-x86" />
			<Option target="Windows-MSVC-Release-x86" />
			<Option target="Windows-MSVC-Debug-x64" />
			<Option target="Windows-MSVC-Release-x64" />
		</Unit>
		<Unit filename="src/gui/win32/api/win32-highdpi.cpp">
			<Option target="Windows-GCC-Debug-x86" />
			<Option target="Windows-GCC-Debug-x86-Freetype" />
			<Option target="Windows-GCC-Release-x86" />
			<Option target="Windows-MSVC-Debug-x86" />
			<Option target="Windows-MSVC-Release-x86" />
			<Option target="Windows-MSVC-Debug-x64" />
			<Option target="Windows-MSVC-Release-x64" />
		</Unit>
		<Unit filename="src/gui/win32/api/win32-themes.cpp">
			<Option target="Windows-GCC-Debug-x86" />
			<Option target="Windows-GCC-Debug-x86-Freetype" />
			<Option target="Windows-GCC-Release-x86" />
			<Option target="Windows-MSVC-Debug-x86" />
			<Option target="Windows-MSVC-Release-x86" />
			<Option target="Windows-MSVC-Debug-x64" />
			<Option target="Windows-MSVC-Release-x64" />
		</Unit>
		<Unit filename="src/gui/win32/api/win32-touch.cpp">
			<Option target="Windows-GCC-Debug-x86" />
			<Option target="Windows-GCC-Debug-x86-Freetype" />
			<Option target="Windows-GCC-Release-x86" />
			<Option target="Windows-MSVC-Debug-x86" />
			<Option target="Windows-MSVC-Release-x86" />
			<Option target="Windows-MSVC-Debug-x64" />
			<Option target="Windows-MSVC-Release-x64" />
		</Unit>
		<Unit filename="src/gui/win32/basic-win32-widget.cpp">
			<Option target="Windows-GCC-Debug-x86" />
			<Option target="Windows-GCC-Debug-x86-Freetype" />
			<Option target="Windows-GCC-Release-x86" />
			<Option target="Windows-MSVC-Debug-x86" />
			<Option target="Windows-MSVC-Release-x86" />
			<Option target="Windows-MSVC-Debug-x64" />
			<Option target="Windows-MSVC-Release-x64" />
		</Unit>
		<Unit filename="src/gui/win32/basic-win32-window.cpp">
			<Option target="Windows-GCC-Debug-x86" />
			<Option target="Windows-GCC-Debug-x86-Freetype" />
			<Option target="Windows-GCC-Release-x86" />
			<Option target="Windows-MSVC-Debug-x86" />
			<Option target="Windows-MSVC-Release-x86" />
			<Option target="Windows-MSVC-Debug-x64" />
			<Option target="Windows-MSVC-Release-x64" />
		</Unit>
		<Unit filename="src/gui/win32/menus/win32-automenuhook.cpp">
			<Option target="Windows-GCC-Debug-x86" />
			<Option target="Windows-GCC-Debug-x86-Freetype" />
			<Option target="Windows-GCC-Release-x86" />
			<Option target="Windows-MSVC-Debug-x86" />
			<Option target="Windows-MSVC-Release-x86" />
			<Option target="Windows-MSVC-Debug-x64" />
			<Option target="Windows-MSVC-Release-x64" />
		</Unit>
		<Unit filename="src/gui/win32/menus/win32-custom-menu-overlay.cpp">
			<Option target="Windows-GCC-Debug-x86" />
			<Option target="Windows-GCC-Debug-x86-Freetype" />
			<Option target="Windows-GCC-Release-x86" />
			<Option target="Windows-MSVC-Debug-x86" />
			<Option target="Windows-MSVC-Release-x86" />
			<Option target="Windows-MSVC-Debug-x64" />
			<Option target="Windows-MSVC-Release-x64" />
		</Unit>
		<Unit filename="src/gui/win32/menus/win32-menu-gutter-slider.cpp">
			<Option target="Windows-GCC-Debug-x86" />
			<Option target="Windows-GCC-Debug-x86-Freetype" />
			<Option target="Windows-GCC-Release-x86" />
			<Option target="Windows-MSVC-Debug-x86" />
			<Option target="Windows-MSVC-Release-x86" />
			<Option target="Windows-MSVC-Debug-x64" />
			<Option target="Windows-MSVC-Release-x64" />
		</Unit>
		<Unit filename="src/gui/win32/menus/win32-menu-item-overlays.cpp">
			<Option target="Windows-GCC-Debug-x86" />
			<Option target="Windows-GCC-Debug-x86-Freetype" />
			<Option target="Windows-GCC-Release-x86" />
			<Option target="Windows-MSVC-Debug-x86" />
			<Option target="Windows-MSVC-Release-x86" />
			<Option target="Windows-MSVC-Debug-x64" />
			<Option target="Windows-MSVC-Release-x64" />
		</Unit>
		<Unit filename="src/gui/win32/menus/win32-menu-search-overlay.cpp">
			<Option target="Windows-GCC-Debug-x86" />
			<Option target="Windows-GCC-Debug-x86-Freetype" />
			<Option target="Windows-GCC-Release-x86" />
			<Option target="Windows-MSVC-Debug-x86" />
			<Option target="Windows-MSVC-Release-x86" />
			<Option target="Windows-MSVC-Debug-x64" />
			<Option target="Windows-MSVC-Release-x64" />
		</Unit>
		<Unit filename="src/gui/win32/menus/win32-menu.cpp">
			<Option target="Windows-GCC-Debug-x86" />
			<Option target="Windows-GCC-Debug-x86-Freetype" />
			<Option target="Windows-GCC-Release-x86" />
			<Option target="Windows-MSVC-Debug-x86" />
			<Option target="Windows-MSVC-Release-x86" />
			<Option target="Windows-MSVC-Debug-x64" />
			<Option target="Windows-MSVC-Release-x64" />
		</Unit>
		<Unit filename="src/gui/win32/menus/win32-menubar.cpp">
			<Option target="Windows-GCC-Debug-x86" />
			<Option target="Windows-GCC-Debug-x86-Freetype" />
			<Option target="Windows-GCC-Release-x86" />
			<Option target="Windows-MSVC-Debug-x86" />
			<Option target="Windows-MSVC-Release-x86" />
			<Option target="Windows-MSVC-Debug-x64" />
			<Option target="Windows-MSVC-Release-x64" />
		</Unit>
		<Unit filename="src/gui/win32/ole/combase.cpp">
			<Option target="Windows-GCC-Debug-x86" />
			<Option target="Windows-GCC-Debug-x86-Freetype" />
			<Option target="Windows-GCC-Release-x86" />
			<Option target="Windows-MSVC-Debug-x86" />
			<Option target="Windows-MSVC-Release-x86" />
			<Option target="Windows-MSVC-Debug-x64" />
			<Option target="Windows-MSVC-Release-x64" />
		</Unit>
		<Unit filename="src/gui/win32/ole/dataobject.cpp">
			<Option target="Windows-GCC-Debug-x86" />
			<Option target="Windows-GCC-Debug-x86-Freetype" />
			<Option target="Windows-GCC-Release-x86" />
			<Option target="Windows-MSVC-Debug-x86" />
			<Option target="Windows-MSVC-Release-x86" />
			<Option target="Windows-MSVC-Debug-x64" />
			<Option target="Windows-MSVC-Release-x64" />
		</Unit>
		<Unit filename="src/gui/win32/ole/dropsource.cpp">
			<Option target="Windows-GCC-Debug-x86" />
			<Option target="Windows-GCC-Debug-x86-Freetype" />
			<Option target="Windows-GCC-Release-x86" />
			<Option target="Windows-MSVC-Debug-x86" />
			<Option target="Windows-MSVC-Release-x86" />
			<Option target="Windows-MSVC-Debug-x64" />
			<Option target="Windows-MSVC-Release-x64" />
		</Unit>
		<Unit filename="src/gui/win32/ole/droptarget.cpp">
			<Option target="Windows-GCC-Debug-x86" />
			<Option target="Windows-GCC-Debug-x86-Freetype" />
			<Option target="Windows-GCC-Release-x86" />
			<Option target="Windows-MSVC-Debug-x86" />
			<Option target="Windows-MSVC-Release-x86" />
			<Option target="Windows-MSVC-Debug-x64" />
			<Option target="Windows-MSVC-Release-x64" />
		</Unit>
		<Unit filename="src/gui/win32/ole/enumformatetc.cpp">
			<Option target="Windows-GCC-Debug-x86" />
			<Option target="Windows-GCC-Debug-x86-Freetype" />
			<Option target="Windows-GCC-Release-x86" />
			<Option target="Windows-MSVC-Debug-x86" />
			<Option target="Windows-MSVC-Release-x86" />
			<Option target="Windows-MSVC-Debug-x64" />
			<Option target="Windows-MSVC-Release-x64" />
		</Unit>
		<Unit filename="src/gui/win32/ole/filesystembinddata.cpp">
			<Option target="Windows-GCC-Debug-x86" />
			<Option target="Windows-GCC-Debug-x86-Freetype" />
			<Option target="Windows-GCC-Release-x86" />
			<Option target="Windows-MSVC-Debug-x86" />
			<Option target="Windows-MSVC-Release-x86" />
			<Option target="Windows-MSVC-Debug-x64" />
			<Option target="Windows-MSVC-Release-x64" />
		</Unit>
		<Unit filename="src/gui/win32/ole/virtual-desktops.cpp">
			<Option target="Windows-GCC-Debug-x86" />
			<Option target="Windows-GCC-Debug-x86-Freetype" />
			<Option target="Windows-GCC-Release-x86" />
			<Option target="Windows-MSVC-Debug-x86" />
			<Option target="Windows-MSVC-Release-x86" />
			<Option target="Windows-MSVC-Debug-x64" />
			<Option target="Windows-MSVC-Release-x64" />
		</Unit>
		<Unit filename="src/gui/win32/win32-attached-popup-window.cpp">
			<Option target="Windows-GCC-Debug-x86" />
			<Option target="Windows-GCC-Debug-x86-Freetype" />
			<Option target="Windows-GCC-Release-x86" />
			<Option target="Windows-MSVC-Debug-x86" />
			<Option target="Windows-MSVC-Release-x86" />
			<Option target="Windows-MSVC-Debug-x64" />
			<Option target="Windows-MSVC-Release-x64" />
		</Unit>
		<Unit filename="src/gui/win32/win32-clipboard.cpp">
			<Option target="Windows-GCC-Debug-x86" />
			<Option target="Windows-GCC-Debug-x86-Freetype" />
			<Option target="Windows-GCC-Release-x86" />
			<Option target="Windows-MSVC-Debug-x86" />
			<Option target="Windows-MSVC-Release-x86" />
			<Option target="Windows-MSVC-Debug-x64" />
			<Option target="Windows-MSVC-Release-x64" />
		</Unit>
		<Unit filename="src/gui/win32/win32-colordialog.cpp">
			<Option target="Windows-GCC-Debug-x86" />
			<Option target="Windows-GCC-Debug-x86-Freetype" />
			<Option target="Windows-GCC-Release-x86" />
			<Option target="Windows-MSVC-Debug-x86" />
			<Option target="Windows-MSVC-Release-x86" />
			<Option target="Windows-MSVC-Debug-x64" />
			<Option target="Windows-MSVC-Release-x64" />
		</Unit>
		<Unit filename="src/gui/win32/win32-control-painter.cpp">
			<Option target="Windows-GCC-Debug-x86" />
			<Option target="Windows-GCC-Debug-x86-Freetype" />
			<Option target="Windows-GCC-Release-x86" />
			<Option target="Windows-MSVC-Debug-x86" />
			<Option target="Windows-MSVC-Release-x86" />
			<Option target="Windows-MSVC-Debug-x64" />
			<Option target="Windows-MSVC-Release-x64" />
		</Unit>
		<Unit filename="src/gui/win32/win32-document-window.cpp">
			<Option target="Windows-GCC-Debug-x86" />
			<Option target="Windows-GCC-Debug-x86-Freetype" />
			<Option target="Windows-GCC-Release-x86" />
			<Option target="Windows-MSVC-Debug-x86" />
			<Option target="Windows-MSVC-Release-x86" />
			<Option target="Windows-MSVC-Debug-x64" />
			<Option target="Windows-MSVC-Release-x64" />
		</Unit>
		<Unit filename="src/gui/win32/win32-dragdrophandler.cpp">
			<Option target="Windows-GCC-Debug-x86" />
			<Option target="Windows-GCC-Debug-x86-Freetype" />
			<Option target="Windows-GCC-Release-x86" />
			<Option target="Windows-MSVC-Debug-x86" />
			<Option target="Windows-MSVC-Release-x86" />
			<Option target="Windows-MSVC-Debug-x64" />
			<Option target="Windows-MSVC-Release-x64" />
		</Unit>
		<Unit filename="src/gui/win32/win32-filedialog.cpp">
			<Option target="Windows-GCC-Debug-x86" />
			<Option target="Windows-GCC-Debug-x86-Freetype" />
			<Option target="Windows-GCC-Release-x86" />
			<Option target="Windows-MSVC-Debug-x86" />
			<Option target="Windows-MSVC-Release-x86" />
			<Option target="Windows-MSVC-Debug-x64" />
			<Option target="Windows-MSVC-Release-x64" />
		</Unit>
		<Unit filename="src/gui/win32/win32-fontdialog.cpp">
			<Option target="Windows-GCC-Debug-x86" />
			<Option target="Windows-GCC-Debug-x86-Freetype" />
			<Option target="Windows-GCC-Release-x86" />
			<Option target="Windows-MSVC-Debug-x86" />
			<Option target="Windows-MSVC-Release-x86" />
			<Option target="Windows-MSVC-Debug-x64" />
			<Option target="Windows-MSVC-Release-x64" />
		</Unit>
		<Unit filename="src/gui/win32/win32-messagebox.cpp">
			<Option target="Windows-GCC-Debug-x86" />
			<Option target="Windows-GCC-Debug-x86-Freetype" />
			<Option target="Windows-GCC-Release-x86" />
			<Option target="Windows-MSVC-Debug-x86" />
			<Option target="Windows-MSVC-Release-x86" />
			<Option target="Windows-MSVC-Debug-x64" />
			<Option target="Windows-MSVC-Release-x64" />
		</Unit>
		<Unit filename="src/gui/win32/win32-recent-documents.cpp">
			<Option target="Windows-GCC-Debug-x86" />
			<Option target="Windows-GCC-Debug-x86-Freetype" />
			<Option target="Windows-GCC-Release-x86" />
			<Option target="Windows-MSVC-Debug-x86" />
			<Option target="Windows-MSVC-Release-x86" />
			<Option target="Windows-MSVC-Debug-x64" />
			<Option target="Windows-MSVC-Release-x64" />
		</Unit>
		<Unit filename="src/gui/win32/win32-scrollbar-overlay.cpp">
			<Option target="Windows-GCC-Debug-x86" />
			<Option target="Windows-GCC-Debug-x86-Freetype" />
			<Option target="Windows-GCC-Release-x86" />
			<Option target="Windows-MSVC-Debug-x86" />
			<Option target="Windows-MSVC-Release-x86" />
			<Option target="Windows-MSVC-Debug-x64" />
			<Option target="Windows-MSVC-Release-x64" />
		</Unit>
		<Unit filename="src/gui/win32/win32-tooltip-window.cpp">
			<Option target="Windows-GCC-Debug-x86" />
			<Option target="Windows-GCC-Debug-x86-Freetype" />
			<Option target="Windows-GCC-Release-x86" />
			<Option target="Windows-MSVC-Debug-x86" />
			<Option target="Windows-MSVC-Release-x86" />
			<Option target="Windows-MSVC-Debug-x64" />
			<Option target="Windows-MSVC-Release-x64" />
		</Unit>
		<Unit filename="src/gui/win32/win32-widget.cpp">
			<Option target="Windows-GCC-Debug-x86" />
			<Option target="Windows-GCC-Debug-x86-Freetype" />
			<Option target="Windows-GCC-Release-x86" />
			<Option target="Windows-MSVC-Debug-x86" />
			<Option target="Windows-MSVC-Release-x86" />
			<Option target="Windows-MSVC-Debug-x64" />
			<Option target="Windows-MSVC-Release-x64" />
		</Unit>
		<Unit filename="src/main.cpp" />
		<Unit filename="src/syntax/autocompletion.cpp" />
		<Unit filename="src/syntax/scope-colorizer.cpp" />
		<Unit filename="src/syntax/spanexpr.cpp" />
		<Unit filename="src/syntax/syntax-state.cpp" />
		<Unit filename="src/util/base.cpp" />
		<Unit filename="src/util/filesystem.cpp" />
		<Unit filename="src/util/frontendobject.cpp" />
		<Unit filename="src/util/pmath-extra.cpp" />
		<Unit filename="src/util/selection-tracking.cpp" />
		<Unit filename="src/util/selections.cpp" />
		<Unit filename="src/util/style.cpp" />
		<Unit filename="src/util/styled-object.cpp" />
		<Extensions>
			<DoxyBlocks>
				<comment_style block="0" line="0" />
				<doxyfile_project />
				<doxyfile_build />
				<doxyfile_warnings />
				<doxyfile_output />
				<doxyfile_dot />
				<general />
			</DoxyBlocks>
			<code_completion>
				<search_path add="..\..\library\include" />
			</code_completion>
			<debugger>
				<search_path add="../library/src" />
				<remote_debugging>
					<options conn_type="-1" additional_cmds="python import sys&#x0A;python import os&#x0A;python sys.path.insert(0, os.path.abspath(os.path.join(r&apos;$(PROJECT_DIR)..&apos;, &apos;debugging&apos;, &apos;gdb&apos;)) )&#x0A;python import pmath_gdb&#x0A;python pmath_gdb.printers.register_pmath_printers(None)" />
				</remote_debugging>
			</debugger>
		</Extensions>
	</Project>
</CodeBlocks_project_file>
