<?xml version="1.0" encoding="UTF-8" standalone="yes" ?>
<CodeBlocks_project_file>
	<FileVersion major="1" minor="6" />
	<Project>
		<Option title="pmath-java" />
		<Option pch_mode="2" />
		<Option compiler="gcc" />
		<Option show_notes="0">
			<notes>
				<![CDATA[The targets "Windows-Debug Richmath Host" and "Windows-Debug Java Host" only differ in their "Set Program's arguments..." setting.]]>
			</notes>
		</Option>
		<Build>
			<Target title="Windows-Debug Richmath Host">
				<Option platforms="Windows;" />
				<Option output="bin/Windows/x86/pmath-java" prefix_auto="1" extension_auto="1" />
				<Option object_output="obj/Windows/debug/" />
				<Option type="3" />
				<Option compiler="gcc" />
				<Option host_application="../../richmath/bin/windows/debug/richmath.exe" />
				<Option run_host_application_in_terminal="0" />
				<Compiler>
					<Add option="-march=i686" />
					<Add option="-Wundef" />
					<Add option="-Wall" />
					<Add option="-g" />
					<Add option="-fno-exceptions" />
					<Add option="-DBUILD_DLL" />
					<Add option="-DPMATH_DEBUG_LOG" />
					<Add option="-DPMATH_DEBUG_NO_FORCEINLINE" />
					<Add directory="$(#jdk.include)/win32" />
				</Compiler>
				<Linker>
					<Add option="-static-libgcc" />
					<Add option="-Wl,-kill-at" />
					<Add library="user32" />
					<Add directory="../../library/bin/windows/debug" />
				</Linker>
			</Target>
			<Target title="Windows-Debug Java Host">
				<Option platforms="Windows;" />
				<Option output="bin/Windows/x86/pmath-java" prefix_auto="1" extension_auto="1" />
				<Option object_output="obj/Windows/debug/" />
				<Option type="3" />
				<Option compiler="gcc" />
				<Option parameters="-Dpmath.core.dll=..\..\library\bin\windows\debug\pmath.dll -Dpmath.core.base_directory=..\..\library\scripts -Dpmath.binding.dll=.\bin\windows\pmath-java.dll -classpath .\classpath;.\test\app TestApp" />
				<Option host_application="java" />
				<Option run_host_application_in_terminal="0" />
				<Compiler>
					<Add option="-march=i686" />
					<Add option="-Wundef" />
					<Add option="-Wall" />
					<Add option="-g" />
					<Add option="-fno-exceptions" />
					<Add option="-DBUILD_DLL" />
					<Add option="-DPMATH_DEBUG_LOG" />
					<Add option="-DPMATH_DEBUG_NO_FORCEINLINE" />
					<Add directory="$(#jdk.include)/win32" />
				</Compiler>
				<Linker>
					<Add option="-static-libgcc" />
					<Add option="-Wl,-kill-at" />
					<Add library="user32" />
					<Add directory="../../library/bin/windows/debug" />
				</Linker>
			</Target>
			<Target title="Windows-Release">
				<Option platforms="Windows;" />
				<Option output="bin/Windows/pmath-java" prefix_auto="1" extension_auto="1" />
				<Option object_output="obj/Windows/release/" />
				<Option type="3" />
				<Option compiler="gcc" />
				<Option host_application="../../richmath/bin/windows/debug/richmath.exe" />
				<Option run_host_application_in_terminal="0" />
				<Compiler>
					<Add option="-march=i686" />
					<Add option="-O2" />
					<Add option="-Wundef" />
					<Add option="-Wall" />
					<Add option="-fno-exceptions" />
					<Add option="-DBUILD_DLL" />
					<Add option="-DNDEBUG" />
					<Add directory="$(#jdk.include)/win32" />
				</Compiler>
				<Linker>
					<Add option="-s" />
					<Add option="-static-libgcc" />
					<Add option="-Wl,-kill-at" />
					<Add library="user32" />
					<Add directory="../../library/bin/windows/release" />
				</Linker>
			</Target>
			<Target title="Linux-Debug-x86">
				<Option platforms="Unix;" />
				<Option output="bin/Linux/x86/pmath-java" prefix_auto="1" extension_auto="1" />
				<Option working_dir="bin/Linux/x86" />
				<Option object_output="obj/Linux/debug-x86/" />
				<Option type="3" />
				<Option compiler="gcc" />
				<Option host_application="../../../../library/test/bin/linux/debug-x86/test" />
				<Option run_host_application_in_terminal="0" />
				<Compiler>
					<Add option="-march=i686" />
					<Add option="-Wundef" />
					<Add option="-Wall" />
					<Add option="-g" />
					<Add option="-fPIC" />
					<Add option="-fno-exceptions" />
					<Add option="-Wno-unused-but-set-variable" />
					<Add option="-DBUILD_DLL" />
					<Add option="-DPMATH_DEBUG_LOG" />
					<Add option="-DPMATH_DEBUG_NO_FASTREF" />
					<Add directory="$(#jdk.include)/linux" />
				</Compiler>
				<Linker>
					<Add directory="../../library/bin/linux/debug" />
				</Linker>
			</Target>
			<Target title="Linux-Release-x86">
				<Option platforms="Unix;" />
				<Option output="bin/Linux/x86/pmath-java" prefix_auto="1" extension_auto="1" />
				<Option working_dir="bin/Linux/x86" />
				<Option object_output="obj/Linux/release-x86/" />
				<Option type="3" />
				<Option compiler="gcc" />
				<Option host_application="../../../../richmath/bin/linux/debug/richmath" />
				<Option run_host_application_in_terminal="0" />
				<Compiler>
					<Add option="-march=i686" />
					<Add option="-O2" />
					<Add option="-Wundef" />
					<Add option="-Wall" />
					<Add option="-g" />
					<Add option="-fPIC" />
					<Add option="-fno-exceptions" />
					<Add option="-Wno-unused-but-set-variable" />
					<Add option="-DBUILD_DLL" />
					<Add directory="$(#jdk.include)/linux" />
				</Compiler>
				<Linker>
					<Add directory="../../library/bin/linux/release" />
				</Linker>
			</Target>
			<Target title="Linux-Debug-x64">
				<Option platforms="Unix;" />
				<Option output="bin/Linux/x86-64/pmath-java" prefix_auto="1" extension_auto="1" />
				<Option working_dir="bin/Linux/x86-64" />
				<Option object_output="obj/Linux/debug-x64/" />
				<Option type="3" />
				<Option compiler="gcc" />
				<Option host_application="../../../../library/test/bin/linux/debug-x64/test" />
				<Option run_host_application_in_terminal="0" />
				<Compiler>
					<Add option="-march=core2" />
					<Add option="-Wundef" />
					<Add option="-Wall" />
					<Add option="-g" />
					<Add option="-fPIC" />
					<Add option="-fno-exceptions" />
					<Add option="-Wno-unused-but-set-variable" />
					<Add option="-DBUILD_DLL" />
					<Add option="-DPMATH_DEBUG_LOG" />
					<Add option="-DPMATH_DEBUG_NO_FASTREF" />
					<Add directory="$(#jdk.include)/linux" />
				</Compiler>
				<Linker>
					<Add directory="../../library/bin/linux/debug-x64" />
				</Linker>
			</Target>
			<Target title="Linux-Release-x64">
				<Option platforms="Unix;" />
				<Option output="bin/Linux/x86-64/pmath-java" prefix_auto="1" extension_auto="1" />
				<Option working_dir="bin/Linux/x86-64" />
				<Option object_output="obj/Linux/release-x64/" />
				<Option type="3" />
				<Option compiler="gcc" />
				<Option host_application="../../../../richmath/bin/linux/debug-x64/richmath" />
				<Option run_host_application_in_terminal="0" />
				<Compiler>
					<Add option="-march=core2" />
					<Add option="-O2" />
					<Add option="-Wundef" />
					<Add option="-Wall" />
					<Add option="-g" />
					<Add option="-fPIC" />
					<Add option="-fno-exceptions" />
					<Add option="-Wno-unused-but-set-variable" />
					<Add option="-DBUILD_DLL" />
					<Add directory="$(#jdk.include)/linux" />
				</Compiler>
				<Linker>
					<Add directory="../../library/bin/linux/release-x64" />
				</Linker>
			</Target>
		</Build>
		<Compiler>
			<Add directory="../../library/include" />
			<Add directory="$(#jdk.include)" />
		</Compiler>
		<Linker>
			<Add library="pmath" />
			<Add directory="$(#jdk.lib)" />
		</Linker>
		<Unit filename="src/main.c">
			<Option compilerVar="CC" />
		</Unit>
		<Unit filename="src/pj-classes.c">
			<Option compilerVar="CC" />
		</Unit>
		<Unit filename="src/pj-classes.h" />
		<Unit filename="src/pj-load-pmath.c">
			<Option compilerVar="CC" />
		</Unit>
		<Unit filename="src/pj-load-pmath.h" />
		<Unit filename="src/pj-objects.c">
			<Option compilerVar="CC" />
		</Unit>
		<Unit filename="src/pj-objects.h" />
		<Unit filename="src/pj-symbols.c">
			<Option compilerVar="CC" />
		</Unit>
		<Unit filename="src/pj-symbols.h" />
		<Unit filename="src/pj-threads.c">
			<Option compilerVar="CC" />
		</Unit>
		<Unit filename="src/pj-threads.h" />
		<Unit filename="src/pj-values.c">
			<Option compilerVar="CC" />
		</Unit>
		<Unit filename="src/pj-values.h" />
		<Unit filename="src/pjvm.c">
			<Option compilerVar="CC" />
		</Unit>
		<Unit filename="src/pjvm.h" />
		<Unit filename="src/pmath_Core.c">
			<Option compilerVar="CC" />
		</Unit>
		<Unit filename="src/pmath_Core.h" />
		<Extensions>
			<code_completion>
				<search_path add="../../library/include" />
			</code_completion>
			<envvars />
			<debugger />
			<lib_finder disable_auto="1" />
		</Extensions>
	</Project>
</CodeBlocks_project_file>
