<?xml version="1.0" encoding="UTF-8" standalone="yes" ?>
<CodeBlocks_project_file>
	<FileVersion major="1" minor="6" />
	<Project>
		<Option title="pmath-java" />
		<Option pch_mode="2" />
		<Option compiler="gcc" />
		<Option show_notes="0">
			<notes>
				<![CDATA[The targets "Windows-Debug Richmath Host" and "Windows-Debug Java Host" only differ in their "Set Program's arguments..." setting.]]>
			</notes>
		</Option>
		<Build>
			<Target title="Windows-GCC-Debug-x86 Richmath Host">
				<Option platforms="Windows;" />
				<Option output="bin/Windows/gcc-debug-x86/pmath-java" prefix_auto="1" extension_auto="1" />
				<Option object_output="obj/Windows/gcc-debug-x86/" />
				<Option type="3" />
				<Option compiler="gcc" />
				<Option host_application="../../richmath/bin/windows/debug/richmath.exe" />
				<Option run_host_application_in_terminal="0" />
				<Compiler>
					<Add option="-march=i686" />
					<Add option="-Wundef" />
					<Add option="-Wall" />
					<Add option="-g" />
					<Add option="-fno-exceptions" />
					<Add option="-DBUILD_DLL" />
					<Add option="-DPMATH_DEBUG_LOG" />
					<Add option="-DPMATH_DEBUG_NO_FORCEINLINE" />
					<Add directory="$(#jdk.include)/win32" />
				</Compiler>
				<Linker>
					<Add option="-static-libgcc" />
					<Add option="-Wl,-kill-at" />
					<Add library="user32" />
					<Add directory="../../library/bin/windows/gcc-debug-x86" />
				</Linker>
				<ExtraCommands>
					<Add after='cmd /C copy /Y &quot;$(TARGET_OUTPUT_DIR)$(TARGET_OUTPUT_BASENAME).dll&quot; &quot;bin\Windows\x86\*&quot;' />
				</ExtraCommands>
			</Target>
			<Target title="Windows-GCC-Debug-x86 Java Host">
				<Option platforms="Windows;" />
				<Option output="bin/Windows/gcc-debug-x86/pmath-java" prefix_auto="1" extension_auto="1" />
				<Option object_output="obj/Windows/gcc-debug-x86/" />
				<Option type="3" />
				<Option compiler="gcc" />
				<Option parameters="-Dpmath.core.dll=..\..\library\bin\windows\gcc-debug-x86\pmath.dll -Dpmath.core.base_directory=..\..\library\scripts -Dpmath.binding.dll=.\bin\windows\x86\pmath-java.dll -classpath .\classpath;.\test\app TestApp" />
				<Option host_application="java" />
				<Option run_host_application_in_terminal="0" />
				<Compiler>
					<Add option="-march=i686" />
					<Add option="-Wundef" />
					<Add option="-Wall" />
					<Add option="-g" />
					<Add option="-fno-exceptions" />
					<Add option="-DBUILD_DLL" />
					<Add option="-DPMATH_DEBUG_LOG" />
					<Add option="-DPMATH_DEBUG_NO_FORCEINLINE" />
					<Add directory="$(#jdk.include)/win32" />
				</Compiler>
				<Linker>
					<Add option="-static-libgcc" />
					<Add option="-Wl,-kill-at" />
					<Add library="user32" />
					<Add directory="../../library/bin/windows/gcc-debug-x86" />
				</Linker>
				<ExtraCommands>
					<Add after='cmd /C copy /Y &quot;$(TARGET_OUTPUT_DIR)$(TARGET_OUTPUT_BASENAME).dll&quot; &quot;bin\Windows\x86\*&quot;' />
				</ExtraCommands>
			</Target>
			<Target title="Windows-GCC-Debug-x64 Java Host">
				<Option platforms="Windows;" />
				<Option output="bin/Windows/gcc-debug-x64/pmath-java" prefix_auto="1" extension_auto="1" />
				<Option object_output="obj/Windows/gcc-debug-x64/" />
				<Option type="3" />
				<Option compiler="gnu_gcc_x64_compiler" />
				<Option parameters="-Dpmath.core.dll=..\..\library\bin\windows\gcc-debug-x64\pmath.dll -Dpmath.core.base_directory=..\..\library\scripts -Dpmath.binding.dll=.\bin\windows\x86-64\pmath-java.dll -classpath .\classpath;.\test\app TestApp" />
				<Option host_application="java" />
				<Option run_host_application_in_terminal="0" />
				<Compiler>
					<Add option="-march=core2" />
					<Add option="-Wundef" />
					<Add option="-Wall" />
					<Add option="-g" />
					<Add option="-fno-exceptions" />
					<Add option="-DBUILD_DLL" />
					<Add option="-DPMATH_DEBUG_LOG" />
					<Add option="-DPMATH_DEBUG_NO_FORCEINLINE" />
					<Add directory="$(#jdk.include)/win32" />
				</Compiler>
				<Linker>
					<Add option="-static-libgcc" />
					<Add option="-Wl,-kill-at" />
					<Add library="user32" />
					<Add directory="../../library/bin/windows/gcc-debug-x64" />
				</Linker>
				<ExtraCommands>
					<Add after='cmd /C copy /Y &quot;$(TARGET_OUTPUT_DIR)$(TARGET_OUTPUT_BASENAME).dll&quot; &quot;bin\Windows\x86-64\*&quot;' />
				</ExtraCommands>
			</Target>
			<Target title="Windows-MSVC-Debug-x86 Java Host">
				<Option platforms="Windows;" />
				<Option output="bin/Windows/msvc-debug-x86/pmath-java" prefix_auto="1" extension_auto="1" />
				<Option object_output="obj/Windows/msvc-debug-x86/" />
				<Option type="3" />
				<Option compiler="msvc_2015" />
				<Option parameters="-Dpmath.core.dll=..\..\library\bin\windows\msvc-debug-x86\pmath.dll -Dpmath.core.base_directory=..\..\library\scripts -Dpmath.binding.dll=.\bin\windows\x86\pmath-java.dll -classpath .\classpath;.\test\app TestApp" />
				<Option host_application="java" />
				<Option run_host_application_in_terminal="0" />
				<Compiler>
					<Add option="/MDd" />
					<Add option="/Gd" />
					<Add option="/GL" />
					<Add option="/GF" />
					<Add option="/W3" />
					<Add option="/Zi" />
					<Add option="/DBUILD_DLL" />
					<Add option="/DNDEBUG" />
					<Add directory="$(#jdk.include)/win32" />
				</Compiler>
				<Linker>
					<Add option="/debug" />
					<Add option="/LTCG" />
					<Add library="user32" />
					<Add directory="../../library/bin/windows/msvc-debug-x86" />
				</Linker>
				<ExtraCommands>
					<Add after='cmd /C copy /Y &quot;$(TARGET_OUTPUT_DIR)$(TARGET_OUTPUT_BASENAME).dll&quot; &quot;bin\Windows\x86\*&quot;' />
					<Add after='cmd /C copy /Y &quot;$(TARGET_OUTPUT_DIR)$(TARGET_OUTPUT_BASENAME).pdb&quot; &quot;bin\Windows\x86\*&quot;' />
				</ExtraCommands>
			</Target>
			<Target title="Windows-MSVC-Debug-x64 Java Host">
				<Option platforms="Windows;" />
				<Option output="bin/Windows/msvc-debug-x64/pmath-java" prefix_auto="1" extension_auto="1" />
				<Option object_output="obj/Windows/msvc-debug-x64/" />
				<Option type="3" />
				<Option compiler="msvc_2015_x64" />
				<Option parameters="-Dpmath.core.dll=..\..\library\bin\windows\msvc-debug-x64\pmath.dll -Dpmath.core.base_directory=..\..\library\scripts -Dpmath.binding.dll=.\bin\windows\x86-64\pmath-java.dll -classpath .\classpath;.\test\app TestApp" />
				<Option host_application="java" />
				<Option run_host_application_in_terminal="0" />
				<Compiler>
					<Add option="/MDd" />
					<Add option="/Gd" />
					<Add option="/GL" />
					<Add option="/GF" />
					<Add option="/W3" />
					<Add option="/Zi" />
					<Add option="/DBUILD_DLL" />
					<Add option="/DNDEBUG" />
					<Add directory="$(#jdk.include)/win32" />
				</Compiler>
				<Linker>
					<Add option="/debug" />
					<Add option="/LTCG" />
					<Add library="user32" />
					<Add directory="../../library/bin/windows/msvc-debug-x64" />
				</Linker>
				<ExtraCommands>
					<Add after='cmd /C copy /Y &quot;$(TARGET_OUTPUT_DIR)$(TARGET_OUTPUT_BASENAME).dll&quot; &quot;bin\Windows\x86-64\*&quot;' />
					<Add after='cmd /C copy /Y &quot;$(TARGET_OUTPUT_DIR)$(TARGET_OUTPUT_BASENAME).pdb&quot; &quot;bin\Windows\x86-64\*&quot;' />
				</ExtraCommands>
			</Target>
			<Target title="Windows-GCC-Release-x86">
				<Option platforms="Windows;" />
				<Option output="bin/Windows/gcc-release-x86/pmath-java" prefix_auto="1" extension_auto="1" />
				<Option object_output="obj/Windows/gcc-release-x86/" />
				<Option type="3" />
				<Option compiler="gcc" />
				<Option host_application="../../richmath/bin/windows/debug/richmath.exe" />
				<Option run_host_application_in_terminal="0" />
				<Compiler>
					<Add option="-march=i686" />
					<Add option="-O2" />
					<Add option="-Wundef" />
					<Add option="-Wall" />
					<Add option="-fno-exceptions" />
					<Add option="-DBUILD_DLL" />
					<Add option="-DNDEBUG" />
					<Add directory="$(#jdk.include)/win32" />
				</Compiler>
				<Linker>
					<Add option="-s" />
					<Add option="-static-libgcc" />
					<Add option="-Wl,-kill-at" />
					<Add library="user32" />
					<Add directory="../../library/bin/windows/gcc-release-x86" />
				</Linker>
				<ExtraCommands>
					<Add after='cmd /C copy /Y &quot;$(TARGET_OUTPUT_DIR)$(TARGET_OUTPUT_BASENAME).dll&quot; &quot;bin\Windows\x86\*&quot;' />
				</ExtraCommands>
			</Target>
			<Target title="Windows-GCC-Release-x64">
				<Option platforms="Windows;" />
				<Option output="bin/Windows/gcc-release-x64/pmath-java" prefix_auto="1" extension_auto="1" />
				<Option object_output="obj/Windows/gcc-release-x64/" />
				<Option type="3" />
				<Option compiler="gnu_gcc_x64_compiler" />
				<Option host_application="../../richmath/bin/windows/debug/richmath.exe" />
				<Option run_host_application_in_terminal="0" />
				<Compiler>
					<Add option="-march=core2" />
					<Add option="-O2" />
					<Add option="-Wundef" />
					<Add option="-Wall" />
					<Add option="-fno-exceptions" />
					<Add option="-DBUILD_DLL" />
					<Add option="-DNDEBUG" />
					<Add directory="$(#jdk.include)/win32" />
				</Compiler>
				<Linker>
					<Add option="-s" />
					<Add option="-static-libgcc" />
					<Add option="-Wl,-kill-at" />
					<Add library="user32" />
					<Add directory="../../library/bin/windows/gcc-release-x64" />
				</Linker>
				<ExtraCommands>
					<Add after='cmd /C copy /Y &quot;$(TARGET_OUTPUT_DIR)$(TARGET_OUTPUT_BASENAME).dll&quot; &quot;bin\Windows\x86-64\*&quot;' />
				</ExtraCommands>
			</Target>
			<Target title="Windows-MSVC-Release-x86">
				<Option platforms="Windows;" />
				<Option output="bin/Windows/msvc-release-x86/pmath-java" prefix_auto="1" extension_auto="1" />
				<Option object_output="obj/Windows/msvc-release-x86/" />
				<Option type="3" />
				<Option compiler="msvc_2015" />
				<Option host_application="../../richmath/bin/windows/debug/richmath.exe" />
				<Option run_host_application_in_terminal="0" />
				<Compiler>
					<Add option="/MD" />
					<Add option="/arch:SSE2" />
					<Add option="/Gd" />
					<Add option="/GL" />
					<Add option="/GF" />
					<Add option="/W3" />
					<Add option="/DBUILD_DLL" />
					<Add option="/DNDEBUG" />
					<Add directory="$(#jdk.include)/win32" />
				</Compiler>
				<Linker>
					<Add option="/LTCG" />
					<Add library="user32" />
					<Add directory="../../library/bin/windows/msvc-release-x86" />
				</Linker>
				<ExtraCommands>
					<Add after='cmd /C copy /Y &quot;$(TARGET_OUTPUT_DIR)$(TARGET_OUTPUT_BASENAME).dll&quot; &quot;bin\Windows\x86\*&quot;' />
				</ExtraCommands>
			</Target>
			<Target title="Windows-MSVC-Release-x64">
				<Option platforms="Windows;" />
				<Option output="bin/Windows/msvc-release-x64/pmath-java" prefix_auto="1" extension_auto="1" />
				<Option object_output="obj/Windows/msvc-release-x64/" />
				<Option type="3" />
				<Option compiler="msvc_2015_x64" />
				<Option host_application="../../richmath/bin/windows/debug/richmath.exe" />
				<Option run_host_application_in_terminal="0" />
				<Compiler>
					<Add option="/MD" />
					<Add option="/Gd" />
					<Add option="/GL" />
					<Add option="/GF" />
					<Add option="/W3" />
					<Add option="/DBUILD_DLL" />
					<Add option="/DNDEBUG" />
					<Add directory="$(#jdk.include)/win32" />
				</Compiler>
				<Linker>
					<Add option="/LTCG" />
					<Add library="user32" />
					<Add directory="../../library/bin/windows/msvc-release-x64" />
				</Linker>
				<ExtraCommands>
					<Add after='cmd /C copy /Y &quot;$(TARGET_OUTPUT_DIR)$(TARGET_OUTPUT_BASENAME).dll&quot; &quot;bin\Windows\x86-64\*&quot;' />
				</ExtraCommands>
			</Target>
			<Target title="Linux-Debug-x86">
				<Option platforms="Unix;" />
				<Option output="bin/Linux/x86/pmath-java" prefix_auto="1" extension_auto="1" />
				<Option working_dir="bin/Linux/x86" />
				<Option object_output="obj/Linux/debug-x86/" />
				<Option type="3" />
				<Option compiler="gcc" />
				<Option host_application="../../../../library/test/bin/linux/debug-x86/test" />
				<Option run_host_application_in_terminal="0" />
				<Compiler>
					<Add option="-march=i686" />
					<Add option="-Wundef" />
					<Add option="-Wall" />
					<Add option="-g" />
					<Add option="-fPIC" />
					<Add option="-fno-exceptions" />
					<Add option="-Wno-unused-but-set-variable" />
					<Add option="-DBUILD_DLL" />
					<Add option="-DPMATH_DEBUG_LOG" />
					<Add option="-DPMATH_DEBUG_NO_FASTREF" />
					<Add directory="$(#jdk.include)/linux" />
				</Compiler>
				<Linker>
					<Add directory="../../library/bin/linux/debug" />
				</Linker>
			</Target>
			<Target title="Linux-Release-x86">
				<Option platforms="Unix;" />
				<Option output="bin/Linux/x86/pmath-java" prefix_auto="1" extension_auto="1" />
				<Option working_dir="bin/Linux/x86" />
				<Option object_output="obj/Linux/release-x86/" />
				<Option type="3" />
				<Option compiler="gcc" />
				<Option host_application="../../../../richmath/bin/linux/debug/richmath" />
				<Option run_host_application_in_terminal="0" />
				<Compiler>
					<Add option="-march=i686" />
					<Add option="-O2" />
					<Add option="-Wundef" />
					<Add option="-Wall" />
					<Add option="-g" />
					<Add option="-fPIC" />
					<Add option="-fno-exceptions" />
					<Add option="-Wno-unused-but-set-variable" />
					<Add option="-DBUILD_DLL" />
					<Add directory="$(#jdk.include)/linux" />
				</Compiler>
				<Linker>
					<Add directory="../../library/bin/linux/release" />
				</Linker>
			</Target>
			<Target title="Linux-Debug-x64">
				<Option platforms="Unix;" />
				<Option output="bin/Linux/x86-64/pmath-java" prefix_auto="1" extension_auto="1" />
				<Option working_dir="bin/Linux/x86-64" />
				<Option object_output="obj/Linux/debug-x64/" />
				<Option type="3" />
				<Option compiler="gcc" />
				<Option host_application="../../../../library/test/bin/linux/debug-x64/test" />
				<Option run_host_application_in_terminal="0" />
				<Compiler>
					<Add option="-march=core2" />
					<Add option="-Wundef" />
					<Add option="-Wall" />
					<Add option="-g" />
					<Add option="-fPIC" />
					<Add option="-fno-exceptions" />
					<Add option="-Wno-unused-but-set-variable" />
					<Add option="-DBUILD_DLL" />
					<Add option="-DPMATH_DEBUG_LOG" />
					<Add option="-DPMATH_DEBUG_NO_FASTREF" />
					<Add directory="$(#jdk.include)/linux" />
				</Compiler>
				<Linker>
					<Add directory="../../library/bin/linux/debug-x64" />
				</Linker>
			</Target>
			<Target title="Linux-Release-x64">
				<Option platforms="Unix;" />
				<Option output="bin/Linux/x86-64/pmath-java" prefix_auto="1" extension_auto="1" />
				<Option working_dir="bin/Linux/x86-64" />
				<Option object_output="obj/Linux/release-x64/" />
				<Option type="3" />
				<Option compiler="gcc" />
				<Option host_application="../../../../richmath/bin/linux/debug-x64/richmath" />
				<Option run_host_application_in_terminal="0" />
				<Compiler>
					<Add option="-march=core2" />
					<Add option="-O2" />
					<Add option="-Wundef" />
					<Add option="-Wall" />
					<Add option="-g" />
					<Add option="-fPIC" />
					<Add option="-fno-exceptions" />
					<Add option="-Wno-unused-but-set-variable" />
					<Add option="-DBUILD_DLL" />
					<Add directory="$(#jdk.include)/linux" />
				</Compiler>
				<Linker>
					<Add directory="../../library/bin/linux/release-x64" />
				</Linker>
			</Target>
		</Build>
		<Compiler>
			<Add directory="../../library/include" />
			<Add directory="$(#jdk.include)" />
		</Compiler>
		<Linker>
			<Add library="pmath" />
			<Add directory="$(#jdk.lib)" />
		</Linker>
		<Unit filename="src/main.c">
			<Option compilerVar="CC" />
		</Unit>
		<Unit filename="src/pj-classes.c">
			<Option compilerVar="CC" />
		</Unit>
		<Unit filename="src/pj-classes.h" />
		<Unit filename="src/pj-load-pmath.c">
			<Option compilerVar="CC" />
		</Unit>
		<Unit filename="src/pj-load-pmath.h" />
		<Unit filename="src/pj-objects.c">
			<Option compilerVar="CC" />
		</Unit>
		<Unit filename="src/pj-objects.h" />
		<Unit filename="src/pj-symbols.c">
			<Option compilerVar="CC" />
		</Unit>
		<Unit filename="src/pj-symbols.h" />
		<Unit filename="src/pj-threads.c">
			<Option compilerVar="CC" />
		</Unit>
		<Unit filename="src/pj-threads.h" />
		<Unit filename="src/pj-values.c">
			<Option compilerVar="CC" />
		</Unit>
		<Unit filename="src/pj-values.h" />
		<Unit filename="src/pjvm.c">
			<Option compilerVar="CC" />
		</Unit>
		<Unit filename="src/pjvm.h" />
		<Unit filename="src/pmath_Core.c">
			<Option compilerVar="CC" />
		</Unit>
		<Unit filename="src/pmath_Core.h" />
		<Extensions>
			<code_completion>
				<search_path add="../../library/include" />
			</code_completion>
			<envvars />
			<debugger />
			<lib_finder disable_auto="1" />
		</Extensions>
	</Project>
</CodeBlocks_project_file>
