<?xml version="1.0" encoding="UTF-8" standalone="yes" ?>
<CodeBlocks_project_file>
	<FileVersion major="1" minor="6" />
	<Project>
		<Option title="pmath-java" />
		<Option pch_mode="2" />
		<Option compiler="gcc" />
		<Build>
			<Target title="Windows-Debug">
				<Option platforms="Windows;" />
				<Option output="bin\Windows\pmath-java" prefix_auto="1" extension_auto="1" />
				<Option working_dir="bin\Windows\" />
				<Option object_output="obj\Windows\debug\" />
				<Option type="3" />
				<Option compiler="gcc" />
				<Option host_application="..\..\..\..\richmath\bin\windows\debug\richmath.exe" />
				<Compiler>
					<Add option="-march=i686" />
					<Add option="-Wundef" />
					<Add option="-Wall" />
					<Add option="-g" />
					<Add option="-fno-exceptions" />
					<Add option="-DBUILD_DLL" />
					<Add option="-DPMATH_DEBUG_LOG" />
					<Add option="-DPMATH_DEBUG_NO_FORCEINLINE" />
					<Add directory="$(#jdk.include)\win32" />
				</Compiler>
				<Linker>
					<Add option="-static-libgcc" />
					<Add option="-Wl,-kill-at" />
					<Add library="user32" />
					<Add directory="..\..\library\bin\windows\debug" />
				</Linker>
				<ExtraCommands>
					<Add after="post-build-windows.bat" />
				</ExtraCommands>
			</Target>
			<Target title="Windows-Release">
				<Option platforms="Windows;" />
				<Option output="bin\Windows\pmath-java" prefix_auto="1" extension_auto="1" />
				<Option working_dir="bin\Windows\" />
				<Option object_output="obj\Windows\release\" />
				<Option type="3" />
				<Option compiler="gcc" />
				<Compiler>
					<Add option="-march=i686" />
					<Add option="-O2" />
					<Add option="-Wundef" />
					<Add option="-Wall" />
					<Add option="-fno-exceptions" />
					<Add option="-DBUILD_DLL" />
					<Add option="-DNDEBUG" />
					<Add directory="$(#jdk.include)\win32" />
				</Compiler>
				<Linker>
					<Add option="-s" />
					<Add option="-static-libgcc" />
					<Add option="-Wl,-kill-at" />
					<Add library="user32" />
					<Add directory="..\..\library\bin\windows\release" />
				</Linker>
				<ExtraCommands>
					<Add after="post-build-windows.bat" />
				</ExtraCommands>
			</Target>
			<Target title="Linux-Debug">
				<Option platforms="Unix;" />
				<Option output="bin\Linux\pmath-java" prefix_auto="1" extension_auto="1" />
				<Option working_dir="bin\Linux\" />
				<Option object_output="obj\Linux\debug\" />
				<Option type="3" />
				<Option compiler="gcc" />
				<Option host_application="..\..\..\..\library\test\bin\linux\debug\test" />
				<Compiler>
					<Add option="-march=i686" />
					<Add option="-Wundef" />
					<Add option="-Wall" />
					<Add option="-g" />
					<Add option="-fno-exceptions" />
					<Add option="-DBUILD_DLL" />
					<Add option="-DPMATH_DEBUG_LOG" />
					<Add option="-DPMATH_DEBUG_NO_FASTREF" />
					<Add directory="$(#jdk.include)\linux" />
				</Compiler>
				<Linker>
					<Add directory="..\..\library\bin\linux\debug" />
				</Linker>
				<ExtraCommands>
					<Add after="./post-build-linux.sh" />
				</ExtraCommands>
			</Target>
			<Target title="Linux-Release">
				<Option platforms="Unix;" />
				<Option output="bin\Linux\pmath-java" prefix_auto="1" extension_auto="1" />
				<Option working_dir="bin\Linux\" />
				<Option object_output="obj\Linux\release\" />
				<Option type="3" />
				<Option compiler="gcc" />
				<Option host_application="..\..\..\..\richmath\bin\windows\debug\richmath.exe" />
				<Compiler>
					<Add option="-march=i686" />
					<Add option="-O2" />
					<Add option="-Wundef" />
					<Add option="-Wall" />
					<Add option="-g" />
					<Add option="-fno-exceptions" />
					<Add option="-DBUILD_DLL" />
					<Add directory="$(#jdk.include)\linux" />
				</Compiler>
				<Linker>
					<Add directory="..\..\library\bin\linux\release" />
				</Linker>
				<ExtraCommands>
					<Add after="./post-build-linux.sh" />
				</ExtraCommands>
			</Target>
		</Build>
		<Compiler>
			<Add directory="..\..\library\include" />
			<Add directory="$(#jdk.include)" />
		</Compiler>
		<Linker>
			<Add library="pmath" />
			<Add directory="$(#jdk.lib)" />
		</Linker>
		<Unit filename="scripts\init.pmath" />
		<Unit filename="src\main.c">
			<Option compilerVar="CC" />
		</Unit>
		<Unit filename="src\pj-classes.c">
			<Option compilerVar="CC" />
		</Unit>
		<Unit filename="src\pj-classes.h" />
		<Unit filename="src\pj-objects.c">
			<Option compilerVar="CC" />
		</Unit>
		<Unit filename="src\pj-objects.h" />
		<Unit filename="src\pj-symbols.c">
			<Option compilerVar="CC" />
		</Unit>
		<Unit filename="src\pj-symbols.h" />
		<Unit filename="src\pj-threads.c">
			<Option compilerVar="CC" />
		</Unit>
		<Unit filename="src\pj-threads.h" />
		<Unit filename="src\pj-values.c">
			<Option compilerVar="CC" />
		</Unit>
		<Unit filename="src\pj-values.h" />
		<Unit filename="src\pjvm.c">
			<Option compilerVar="CC" />
		</Unit>
		<Unit filename="src\pjvm.h" />
		<Unit filename="src\pmath_Expr.c">
			<Option compilerVar="CC" />
		</Unit>
		<Unit filename="src\pmath_Expr.h" />
		<Extensions>
			<code_completion>
				<search_path add="..\..\library\include" />
			</code_completion>
			<envvars />
			<debugger />
			<lib_finder disable_auto="1" />
		</Extensions>
	</Project>
</CodeBlocks_project_file>
